// !$*UTF8*$!
{
	archiveVersion = 1;
	classes = {
	};
	objectVersion = 46;
	objects = {

/* Begin PBXBuildFile section */
		7303DE5614CDB41E00F20C5F /* MemberPickerController.m in Sources */ = {isa = PBXBuildFile; fileRef = 7303DE5414CDB41E00F20C5F /* MemberPickerController.m */; };
		7303DE5714CDB41E00F20C5F /* MemberPickerController.xib in Resources */ = {isa = PBXBuildFile; fileRef = 7303DE5514CDB41E00F20C5F /* MemberPickerController.xib */; };
		7308697D14C9BD35004E8224 /* 1Star.png in Resources */ = {isa = PBXBuildFile; fileRef = 7308696514C9BD35004E8224 /* 1Star.png */; };
		7308697E14C9BD35004E8224 /* 1Star@2x.png in Resources */ = {isa = PBXBuildFile; fileRef = 7308696614C9BD35004E8224 /* 1Star@2x.png */; };
		7308697F14C9BD35004E8224 /* 1StarSmall.png in Resources */ = {isa = PBXBuildFile; fileRef = 7308696714C9BD35004E8224 /* 1StarSmall.png */; };
		7308698014C9BD35004E8224 /* 1StarSmall@2x.png in Resources */ = {isa = PBXBuildFile; fileRef = 7308696814C9BD35004E8224 /* 1StarSmall@2x.png */; };
		7308698114C9BD35004E8224 /* 2Stars.png in Resources */ = {isa = PBXBuildFile; fileRef = 7308696914C9BD35004E8224 /* 2Stars.png */; };
		7308698214C9BD35004E8224 /* 2Stars@2x.png in Resources */ = {isa = PBXBuildFile; fileRef = 7308696A14C9BD35004E8224 /* 2Stars@2x.png */; };
		7308698314C9BD35004E8224 /* 2StarsSmall.png in Resources */ = {isa = PBXBuildFile; fileRef = 7308696B14C9BD35004E8224 /* 2StarsSmall.png */; };
		7308698414C9BD35004E8224 /* 2StarsSmall@2x.png in Resources */ = {isa = PBXBuildFile; fileRef = 7308696C14C9BD35004E8224 /* 2StarsSmall@2x.png */; };
		7308698514C9BD35004E8224 /* 3Stars.png in Resources */ = {isa = PBXBuildFile; fileRef = 7308696D14C9BD35004E8224 /* 3Stars.png */; };
		7308698614C9BD35004E8224 /* 3Stars@2x.png in Resources */ = {isa = PBXBuildFile; fileRef = 7308696E14C9BD35004E8224 /* 3Stars@2x.png */; };
		7308698714C9BD35004E8224 /* 3StarsSmall.png in Resources */ = {isa = PBXBuildFile; fileRef = 7308696F14C9BD35004E8224 /* 3StarsSmall.png */; };
		7308698814C9BD35004E8224 /* 3StarsSmall@2x.png in Resources */ = {isa = PBXBuildFile; fileRef = 7308697014C9BD35004E8224 /* 3StarsSmall@2x.png */; };
		7308698914C9BD35004E8224 /* 4Stars.png in Resources */ = {isa = PBXBuildFile; fileRef = 7308697114C9BD35004E8224 /* 4Stars.png */; };
		7308698A14C9BD35004E8224 /* 4Stars@2x.png in Resources */ = {isa = PBXBuildFile; fileRef = 7308697214C9BD35004E8224 /* 4Stars@2x.png */; };
		7308698B14C9BD35004E8224 /* 4StarsSmall.png in Resources */ = {isa = PBXBuildFile; fileRef = 7308697314C9BD35004E8224 /* 4StarsSmall.png */; };
		7308698C14C9BD35004E8224 /* 4StarsSmall@2x.png in Resources */ = {isa = PBXBuildFile; fileRef = 7308697414C9BD35004E8224 /* 4StarsSmall@2x.png */; };
		7308698D14C9BD35004E8224 /* 5Stars.png in Resources */ = {isa = PBXBuildFile; fileRef = 7308697514C9BD35004E8224 /* 5Stars.png */; };
		7308698E14C9BD35004E8224 /* 5Stars@2x.png in Resources */ = {isa = PBXBuildFile; fileRef = 7308697614C9BD35004E8224 /* 5Stars@2x.png */; };
		7308698F14C9BD35004E8224 /* 5StarsSmall.png in Resources */ = {isa = PBXBuildFile; fileRef = 7308697714C9BD35004E8224 /* 5StarsSmall.png */; };
		7308699014C9BD35004E8224 /* 5StarsSmall@2x.png in Resources */ = {isa = PBXBuildFile; fileRef = 7308697814C9BD35004E8224 /* 5StarsSmall@2x.png */; };
		7308699114C9BD35004E8224 /* Gestures.png in Resources */ = {isa = PBXBuildFile; fileRef = 7308697914C9BD35004E8224 /* Gestures.png */; };
		7308699214C9BD35004E8224 /* Gestures@2x.png in Resources */ = {isa = PBXBuildFile; fileRef = 7308697A14C9BD35004E8224 /* Gestures@2x.png */; };
		7308699314C9BD35004E8224 /* Players.png in Resources */ = {isa = PBXBuildFile; fileRef = 7308697B14C9BD35004E8224 /* Players.png */; };
		7308699414C9BD35004E8224 /* Players@2x.png in Resources */ = {isa = PBXBuildFile; fileRef = 7308697C14C9BD35004E8224 /* Players@2x.png */; };
		73086B7614C9D96A004E8224 /* WorkInfoViewController.m in Sources */ = {isa = PBXBuildFile; fileRef = 73086B7514C9D96A004E8224 /* WorkInfoViewController.m */; };
		730A2C1314BEB26000B472B1 /* DiaryCell.m in Sources */ = {isa = PBXBuildFile; fileRef = 730A2C1214BEB26000B472B1 /* DiaryCell.m */; };
		730A2C1614BEB53000B472B1 /* Location.gpx in Resources */ = {isa = PBXBuildFile; fileRef = 730A2C1514BEB53000B472B1 /* Location.gpx */; };
		730A2C1914BEB92100B472B1 /* DiaryDetailsViewController.m in Sources */ = {isa = PBXBuildFile; fileRef = 730A2C1814BEB92100B472B1 /* DiaryDetailsViewController.m */; };
		730BC2AA14C51CAD00FE257F /* AddDiaryViewController.m in Sources */ = {isa = PBXBuildFile; fileRef = 730BC2A814C51CAD00FE257F /* AddDiaryViewController.m */; };
		730BC2AB14C51CAD00FE257F /* AddDiaryViewController.xib in Resources */ = {isa = PBXBuildFile; fileRef = 730BC2A914C51CAD00FE257F /* AddDiaryViewController.xib */; };
		730BC2B014C5581D00FE257F /* StartTimePickerViewController.m in Sources */ = {isa = PBXBuildFile; fileRef = 730BC2AE14C5581C00FE257F /* StartTimePickerViewController.m */; };
		730BC2B114C5581D00FE257F /* StartTimePickerViewController.xib in Resources */ = {isa = PBXBuildFile; fileRef = 730BC2AF14C5581D00FE257F /* StartTimePickerViewController.xib */; };
		7310F89A14CC5C2000DE76B5 /* MemoViewController.m in Sources */ = {isa = PBXBuildFile; fileRef = 7310F89914CC5C2000DE76B5 /* MemoViewController.m */; };
		732463DD14BDE121000A44FE /* UIKit.framework in Frameworks */ = {isa = PBXBuildFile; fileRef = 732463DC14BDE121000A44FE /* UIKit.framework */; };
		732463DF14BDE121000A44FE /* Foundation.framework in Frameworks */ = {isa = PBXBuildFile; fileRef = 732463DE14BDE121000A44FE /* Foundation.framework */; };
		732463E114BDE121000A44FE /* CoreGraphics.framework in Frameworks */ = {isa = PBXBuildFile; fileRef = 732463E014BDE121000A44FE /* CoreGraphics.framework */; };
		732463E714BDE121000A44FE /* InfoPlist.strings in Resources */ = {isa = PBXBuildFile; fileRef = 732463E514BDE121000A44FE /* InfoPlist.strings */; };
		732463E914BDE121000A44FE /* main.m in Sources */ = {isa = PBXBuildFile; fileRef = 732463E814BDE121000A44FE /* main.m */; };
		732463ED14BDE121000A44FE /* AppDelegate.m in Sources */ = {isa = PBXBuildFile; fileRef = 732463EC14BDE121000A44FE /* AppDelegate.m */; };
		732463F014BDE121000A44FE /* MainStoryboard.storyboard in Resources */ = {isa = PBXBuildFile; fileRef = 732463EE14BDE121000A44FE /* MainStoryboard.storyboard */; };
		732463F314BDE121000A44FE /* FirstViewController.m in Sources */ = {isa = PBXBuildFile; fileRef = 732463F214BDE121000A44FE /* FirstViewController.m */; };
		732463F514BDE121000A44FE /* first.png in Resources */ = {isa = PBXBuildFile; fileRef = 732463F414BDE121000A44FE /* first.png */; };
		732463F714BDE121000A44FE /* first@2x.png in Resources */ = {isa = PBXBuildFile; fileRef = 732463F614BDE121000A44FE /* first@2x.png */; };
		732463FA14BDE121000A44FE /* SecondViewController.m in Sources */ = {isa = PBXBuildFile; fileRef = 732463F914BDE121000A44FE /* SecondViewController.m */; };
		732463FC14BDE121000A44FE /* second.png in Resources */ = {isa = PBXBuildFile; fileRef = 732463FB14BDE121000A44FE /* second.png */; };
		732463FE14BDE121000A44FE /* second@2x.png in Resources */ = {isa = PBXBuildFile; fileRef = 732463FD14BDE121000A44FE /* second@2x.png */; };
		7324640614BDE121000A44FE /* SenTestingKit.framework in Frameworks */ = {isa = PBXBuildFile; fileRef = 7324640514BDE121000A44FE /* SenTestingKit.framework */; };
		7324640714BDE121000A44FE /* UIKit.framework in Frameworks */ = {isa = PBXBuildFile; fileRef = 732463DC14BDE121000A44FE /* UIKit.framework */; };
		7324640814BDE121000A44FE /* Foundation.framework in Frameworks */ = {isa = PBXBuildFile; fileRef = 732463DE14BDE121000A44FE /* Foundation.framework */; };
		7324641014BDE121000A44FE /* InfoPlist.strings in Resources */ = {isa = PBXBuildFile; fileRef = 7324640E14BDE121000A44FE /* InfoPlist.strings */; };
		7324641314BDE121000A44FE /* hojo_Tests.m in Sources */ = {isa = PBXBuildFile; fileRef = 7324641214BDE121000A44FE /* hojo_Tests.m */; };
		7324641D14BDE31B000A44FE /* CoreLocation.framework in Frameworks */ = {isa = PBXBuildFile; fileRef = 7324641C14BDE31B000A44FE /* CoreLocation.framework */; };
		7324641F14BDE325000A44FE /* MapKit.framework in Frameworks */ = {isa = PBXBuildFile; fileRef = 7324641E14BDE325000A44FE /* MapKit.framework */; };
		7324642C14BDE4AB000A44FE /* MyAnnotation.m in Sources */ = {isa = PBXBuildFile; fileRef = 7324642B14BDE4AB000A44FE /* MyAnnotation.m */; };
		7324642E14BDE639000A44FE /* Icon@2x.png in Resources */ = {isa = PBXBuildFile; fileRef = 7324642D14BDE639000A44FE /* Icon@2x.png */; };
		7324643014BDE654000A44FE /* Default@2x.png in Resources */ = {isa = PBXBuildFile; fileRef = 7324642F14BDE654000A44FE /* Default@2x.png */; };
		73277DE114C92E9D00313FFB /* TakeHojoFromMap.m in Sources */ = {isa = PBXBuildFile; fileRef = 73277DDF14C92E9D00313FFB /* TakeHojoFromMap.m */; };
		73277DE214C92E9D00313FFB /* TakeHojoFromMap.xib in Resources */ = {isa = PBXBuildFile; fileRef = 73277DE014C92E9D00313FFB /* TakeHojoFromMap.xib */; };
		733EEB9714CC1B9A004C6B5F /* ICB_WeatherConditions.m in Sources */ = {isa = PBXBuildFile; fileRef = 733EEB9614CC1B9A004C6B5F /* ICB_WeatherConditions.m */; };
		733EEB9C14CC1C4F004C6B5F /* MyReverseGeocoder.m in Sources */ = {isa = PBXBuildFile; fileRef = 733EEB9B14CC1C4F004C6B5F /* MyReverseGeocoder.m */; };
		733EEBBA14CC1C86004C6B5F /* CXMLDocument_CreationExtensions.m in Sources */ = {isa = PBXBuildFile; fileRef = 733EEB9F14CC1C86004C6B5F /* CXMLDocument_CreationExtensions.m */; settings = {COMPILER_FLAGS = "-fno-objc-arc"; }; };
		733EEBBB14CC1C86004C6B5F /* CXMLNode_CreationExtensions.m in Sources */ = {isa = PBXBuildFile; fileRef = 733EEBA114CC1C86004C6B5F /* CXMLNode_CreationExtensions.m */; settings = {COMPILER_FLAGS = "-fno-objc-arc"; }; };
		733EEBBC14CC1C86004C6B5F /* CXHTMLDocument.m in Sources */ = {isa = PBXBuildFile; fileRef = 733EEBA314CC1C86004C6B5F /* CXHTMLDocument.m */; settings = {COMPILER_FLAGS = "-fno-objc-arc"; }; };
		733EEBBD14CC1C86004C6B5F /* CXMLDocument_PrivateExtensions.m in Sources */ = {isa = PBXBuildFile; fileRef = 733EEBA514CC1C86004C6B5F /* CXMLDocument_PrivateExtensions.m */; settings = {COMPILER_FLAGS = "-fno-objc-arc"; }; };
		733EEBBE14CC1C86004C6B5F /* CXMLDocument.m in Sources */ = {isa = PBXBuildFile; fileRef = 733EEBA714CC1C86004C6B5F /* CXMLDocument.m */; settings = {COMPILER_FLAGS = "-fno-objc-arc"; }; };
		733EEBBF14CC1C86004C6B5F /* CXMLElement_CreationExtensions.m in Sources */ = {isa = PBXBuildFile; fileRef = 733EEBA914CC1C86004C6B5F /* CXMLElement_CreationExtensions.m */; settings = {COMPILER_FLAGS = "-fno-objc-arc"; }; };
		733EEBC014CC1C86004C6B5F /* CXMLElement_ElementTreeExtensions.m in Sources */ = {isa = PBXBuildFile; fileRef = 733EEBAB14CC1C86004C6B5F /* CXMLElement_ElementTreeExtensions.m */; settings = {COMPILER_FLAGS = "-fno-objc-arc"; }; };
		733EEBC114CC1C86004C6B5F /* CXMLElement.m in Sources */ = {isa = PBXBuildFile; fileRef = 733EEBAD14CC1C86004C6B5F /* CXMLElement.m */; settings = {COMPILER_FLAGS = "-fno-objc-arc"; }; };
		733EEBC214CC1C86004C6B5F /* CXMLNamespaceNode.m in Sources */ = {isa = PBXBuildFile; fileRef = 733EEBAF14CC1C86004C6B5F /* CXMLNamespaceNode.m */; settings = {COMPILER_FLAGS = "-fno-objc-arc"; }; };
		733EEBC314CC1C86004C6B5F /* CXMLNode_PrivateExtensions.m in Sources */ = {isa = PBXBuildFile; fileRef = 733EEBB114CC1C86004C6B5F /* CXMLNode_PrivateExtensions.m */; settings = {COMPILER_FLAGS = "-fno-objc-arc"; }; };
		733EEBC414CC1C86004C6B5F /* CXMLNode_XPathExtensions.m in Sources */ = {isa = PBXBuildFile; fileRef = 733EEBB314CC1C86004C6B5F /* CXMLNode_XPathExtensions.m */; settings = {COMPILER_FLAGS = "-fno-objc-arc"; }; };
		733EEBC514CC1C86004C6B5F /* CXMLNode.m in Sources */ = {isa = PBXBuildFile; fileRef = 733EEBB514CC1C86004C6B5F /* CXMLNode.m */; settings = {COMPILER_FLAGS = "-fno-objc-arc"; }; };
		733EEBC614CC1C86004C6B5F /* CTidy.m in Sources */ = {isa = PBXBuildFile; fileRef = 733EEBB814CC1C86004C6B5F /* CTidy.m */; settings = {COMPILER_FLAGS = "-fno-objc-arc"; }; };
		739110D314C8413400BC3595 /* CropsTableViewController.m in Sources */ = {isa = PBXBuildFile; fileRef = 739110D114C8413400BC3595 /* CropsTableViewController.m */; };
		739110D414C8413400BC3595 /* CropsTableViewController.xib in Resources */ = {isa = PBXBuildFile; fileRef = 739110D214C8413400BC3595 /* CropsTableViewController.xib */; };
		7391111C14C86D5800BC3595 /* EditViewController.m in Sources */ = {isa = PBXBuildFile; fileRef = 7391111A14C86D5700BC3595 /* EditViewController.m */; };
		7391111D14C86D5800BC3595 /* EditViewController.xib in Resources */ = {isa = PBXBuildFile; fileRef = 7391111B14C86D5700BC3595 /* EditViewController.xib */; };
		739C743F14BE81AD003F9831 /* Player.m in Sources */ = {isa = PBXBuildFile; fileRef = 739C743E14BE81AD003F9831 /* Player.m */; };
		739C744214BE867C003F9831 /* DiaryViewController.m in Sources */ = {isa = PBXBuildFile; fileRef = 739C744114BE867C003F9831 /* DiaryViewController.m */; };
		739E37FD14CD1882006AA739 /* AVFoundation.framework in Frameworks */ = {isa = PBXBuildFile; fileRef = 739E37FC14CD1882006AA739 /* AVFoundation.framework */; };
		739E380014CD1890006AA739 /* CoreAudio.framework in Frameworks */ = {isa = PBXBuildFile; fileRef = 739E37FF14CD1890006AA739 /* CoreAudio.framework */; };
		739E380E14CD45DB006AA739 /* MapDetailsViewController.m in Sources */ = {isa = PBXBuildFile; fileRef = 739E380C14CD45DB006AA739 /* MapDetailsViewController.m */; };
		739E380F14CD45DB006AA739 /* MapDetailsViewController.xib in Resources */ = {isa = PBXBuildFile; fileRef = 739E380D14CD45DB006AA739 /* MapDetailsViewController.xib */; };
		73BF2A0414C158E900D5A151 /* MemberPickerViewController.m in Sources */ = {isa = PBXBuildFile; fileRef = 73BF2A0314C158E900D5A151 /* MemberPickerViewController.m */; };
		73EA2F5914C6649700DE080A /* WorkNameTableViewController.m in Sources */ = {isa = PBXBuildFile; fileRef = 73EA2F5714C6649700DE080A /* WorkNameTableViewController.m */; };
		73EA2F5A14C6649700DE080A /* WorkNameTableViewController.xib in Resources */ = {isa = PBXBuildFile; fileRef = 73EA2F5814C6649700DE080A /* WorkNameTableViewController.xib */; };
		73F6C2BE14CD9DC1006F07B3 /* app-bits_iphone_toolbar_icons_README.pdf in Resources */ = {isa = PBXBuildFile; fileRef = 73F6C23B14CD9DC1006F07B3 /* app-bits_iphone_toolbar_icons_README.pdf */; };
		73F6C38114CD9E0D006F07B3 /* alarm.png in Resources */ = {isa = PBXBuildFile; fileRef = 73F6C34114CD9E0D006F07B3 /* alarm.png */; };
		73F6C38214CD9E0D006F07B3 /* arrowdown.png in Resources */ = {isa = PBXBuildFile; fileRef = 73F6C34214CD9E0D006F07B3 /* arrowdown.png */; };
		73F6C38314CD9E0D006F07B3 /* arrowleft.png in Resources */ = {isa = PBXBuildFile; fileRef = 73F6C34314CD9E0D006F07B3 /* arrowleft.png */; };
		73F6C38414CD9E0D006F07B3 /* arrowright.png in Resources */ = {isa = PBXBuildFile; fileRef = 73F6C34414CD9E0D006F07B3 /* arrowright.png */; };
		73F6C38514CD9E0D006F07B3 /* arrowup.png in Resources */ = {isa = PBXBuildFile; fileRef = 73F6C34514CD9E0D006F07B3 /* arrowup.png */; };
		73F6C38614CD9E0D006F07B3 /* bank.png in Resources */ = {isa = PBXBuildFile; fileRef = 73F6C34614CD9E0D006F07B3 /* bank.png */; };
		73F6C38714CD9E0D006F07B3 /* briefcase.png in Resources */ = {isa = PBXBuildFile; fileRef = 73F6C34714CD9E0D006F07B3 /* briefcase.png */; };
		73F6C38814CD9E0D006F07B3 /* calculator.png in Resources */ = {isa = PBXBuildFile; fileRef = 73F6C34814CD9E0D006F07B3 /* calculator.png */; };
		73F6C38914CD9E0D006F07B3 /* camera.png in Resources */ = {isa = PBXBuildFile; fileRef = 73F6C34914CD9E0D006F07B3 /* camera.png */; };
		73F6C38A14CD9E0D006F07B3 /* clapboard.png in Resources */ = {isa = PBXBuildFile; fileRef = 73F6C34A14CD9E0D006F07B3 /* clapboard.png */; };
		73F6C38B14CD9E0D006F07B3 /* clock.png in Resources */ = {isa = PBXBuildFile; fileRef = 73F6C34B14CD9E0D006F07B3 /* clock.png */; };
		73F6C38C14CD9E0D006F07B3 /* connections.png in Resources */ = {isa = PBXBuildFile; fileRef = 73F6C34C14CD9E0D006F07B3 /* connections.png */; };
		73F6C38D14CD9E0D006F07B3 /* credit_card.png in Resources */ = {isa = PBXBuildFile; fileRef = 73F6C34D14CD9E0D006F07B3 /* credit_card.png */; };
		73F6C38E14CD9E0D006F07B3 /* database.png in Resources */ = {isa = PBXBuildFile; fileRef = 73F6C34E14CD9E0D006F07B3 /* database.png */; };
		73F6C38F14CD9E0D006F07B3 /* delete.png in Resources */ = {isa = PBXBuildFile; fileRef = 73F6C34F14CD9E0D006F07B3 /* delete.png */; };
		73F6C39014CD9E0D006F07B3 /* delivery.png in Resources */ = {isa = PBXBuildFile; fileRef = 73F6C35014CD9E0D006F07B3 /* delivery.png */; };
		73F6C39114CD9E0D006F07B3 /* disk.png in Resources */ = {isa = PBXBuildFile; fileRef = 73F6C35114CD9E0D006F07B3 /* disk.png */; };
		73F6C39214CD9E0D006F07B3 /* eject.png in Resources */ = {isa = PBXBuildFile; fileRef = 73F6C35214CD9E0D006F07B3 /* eject.png */; };
		73F6C39314CD9E0D006F07B3 /* fastforward.png in Resources */ = {isa = PBXBuildFile; fileRef = 73F6C35314CD9E0D006F07B3 /* fastforward.png */; };
		73F6C39414CD9E0D006F07B3 /* filter.png in Resources */ = {isa = PBXBuildFile; fileRef = 73F6C35414CD9E0D006F07B3 /* filter.png */; };
		73F6C39514CD9E0D006F07B3 /* fire.png in Resources */ = {isa = PBXBuildFile; fileRef = 73F6C35514CD9E0D006F07B3 /* fire.png */; };
		73F6C39614CD9E0D006F07B3 /* first_aid.png in Resources */ = {isa = PBXBuildFile; fileRef = 73F6C35614CD9E0D006F07B3 /* first_aid.png */; };
		73F6C39714CD9E0D006F07B3 /* folder.png in Resources */ = {isa = PBXBuildFile; fileRef = 73F6C35714CD9E0D006F07B3 /* folder.png */; };
		73F6C39814CD9E0D006F07B3 /* forwardtoend.png in Resources */ = {isa = PBXBuildFile; fileRef = 73F6C35814CD9E0D006F07B3 /* forwardtoend.png */; };
		73F6C39914CD9E0D006F07B3 /* games.png in Resources */ = {isa = PBXBuildFile; fileRef = 73F6C35914CD9E0D006F07B3 /* games.png */; };
		73F6C39A14CD9E0D006F07B3 /* graph.png in Resources */ = {isa = PBXBuildFile; fileRef = 73F6C35A14CD9E0D006F07B3 /* graph.png */; };
		73F6C39B14CD9E0D006F07B3 /* heart.png in Resources */ = {isa = PBXBuildFile; fileRef = 73F6C35B14CD9E0D006F07B3 /* heart.png */; };
		73F6C39C14CD9E0D006F07B3 /* house.png in Resources */ = {isa = PBXBuildFile; fileRef = 73F6C35C14CD9E0D006F07B3 /* house.png */; };
		73F6C39D14CD9E0D006F07B3 /* lightbulb.png in Resources */ = {isa = PBXBuildFile; fileRef = 73F6C35D14CD9E0D006F07B3 /* lightbulb.png */; };
		73F6C39E14CD9E0D006F07B3 /* magnet.png in Resources */ = {isa = PBXBuildFile; fileRef = 73F6C35E14CD9E0D006F07B3 /* magnet.png */; };
		73F6C39F14CD9E0D006F07B3 /* magnifyingglass.png in Resources */ = {isa = PBXBuildFile; fileRef = 73F6C35F14CD9E0D006F07B3 /* magnifyingglass.png */; };
		73F6C3A014CD9E0D006F07B3 /* mailclosed.png in Resources */ = {isa = PBXBuildFile; fileRef = 73F6C36014CD9E0D006F07B3 /* mailclosed.png */; };
		73F6C3A114CD9E0D006F07B3 /* mailopened.png in Resources */ = {isa = PBXBuildFile; fileRef = 73F6C36114CD9E0D006F07B3 /* mailopened.png */; };
		73F6C3A214CD9E0D006F07B3 /* man.png in Resources */ = {isa = PBXBuildFile; fileRef = 73F6C36214CD9E0D006F07B3 /* man.png */; };
		73F6C3A314CD9E0D006F07B3 /* minus.png in Resources */ = {isa = PBXBuildFile; fileRef = 73F6C36314CD9E0D006F07B3 /* minus.png */; };
		73F6C3A414CD9E0D006F07B3 /* monitor.png in Resources */ = {isa = PBXBuildFile; fileRef = 73F6C36414CD9E0D006F07B3 /* monitor.png */; };
		73F6C3A514CD9E0D006F07B3 /* move.png in Resources */ = {isa = PBXBuildFile; fileRef = 73F6C36514CD9E0D006F07B3 /* move.png */; };
		73F6C3A614CD9E0D006F07B3 /* newspaper.png in Resources */ = {isa = PBXBuildFile; fileRef = 73F6C36614CD9E0D006F07B3 /* newspaper.png */; };
		73F6C3A714CD9E0D006F07B3 /* padlock.png in Resources */ = {isa = PBXBuildFile; fileRef = 73F6C36714CD9E0D006F07B3 /* padlock.png */; };
		73F6C3A814CD9E0D006F07B3 /* page.png in Resources */ = {isa = PBXBuildFile; fileRef = 73F6C36814CD9E0D006F07B3 /* page.png */; };
		73F6C3A914CD9E0D006F07B3 /* pause.png in Resources */ = {isa = PBXBuildFile; fileRef = 73F6C36914CD9E0D006F07B3 /* pause.png */; };
		73F6C3AA14CD9E0D006F07B3 /* pencilangled.png in Resources */ = {isa = PBXBuildFile; fileRef = 73F6C36A14CD9E0D006F07B3 /* pencilangled.png */; };
		73F6C3AB14CD9E0D006F07B3 /* pencilstraight.png in Resources */ = {isa = PBXBuildFile; fileRef = 73F6C36B14CD9E0D006F07B3 /* pencilstraight.png */; };
		73F6C3AC14CD9E0D006F07B3 /* photos.png in Resources */ = {isa = PBXBuildFile; fileRef = 73F6C36C14CD9E0D006F07B3 /* photos.png */; };
		73F6C3AD14CD9E0D006F07B3 /* piggy.png in Resources */ = {isa = PBXBuildFile; fileRef = 73F6C36D14CD9E0D006F07B3 /* piggy.png */; };
		73F6C3AE14CD9E0D006F07B3 /* play.png in Resources */ = {isa = PBXBuildFile; fileRef = 73F6C36E14CD9E0D006F07B3 /* play.png */; };
		73F6C3AF14CD9E0D006F07B3 /* plus.png in Resources */ = {isa = PBXBuildFile; fileRef = 73F6C36F14CD9E0D006F07B3 /* plus.png */; };
		73F6C3B014CD9E0D006F07B3 /* preferences.png in Resources */ = {isa = PBXBuildFile; fileRef = 73F6C37014CD9E0D006F07B3 /* preferences.png */; };
		73F6C3B114CD9E0D006F07B3 /* record.png in Resources */ = {isa = PBXBuildFile; fileRef = 73F6C37114CD9E0D006F07B3 /* record.png */; };
		73F6C3B214CD9E0D006F07B3 /* refresh.png in Resources */ = {isa = PBXBuildFile; fileRef = 73F6C37214CD9E0D006F07B3 /* refresh.png */; };
		73F6C3B314CD9E0D006F07B3 /* reload.png in Resources */ = {isa = PBXBuildFile; fileRef = 73F6C37314CD9E0D006F07B3 /* reload.png */; };
		73F6C3B414CD9E0D006F07B3 /* rewind.png in Resources */ = {isa = PBXBuildFile; fileRef = 73F6C37414CD9E0D006F07B3 /* rewind.png */; };
		73F6C3B514CD9E0D006F07B3 /* rewindtostart.png in Resources */ = {isa = PBXBuildFile; fileRef = 73F6C37514CD9E0D006F07B3 /* rewindtostart.png */; };
		73F6C3B614CD9E0D006F07B3 /* rss.png in Resources */ = {isa = PBXBuildFile; fileRef = 73F6C37614CD9E0D006F07B3 /* rss.png */; };
		73F6C3B714CD9E0D006F07B3 /* safe.png in Resources */ = {isa = PBXBuildFile; fileRef = 73F6C37714CD9E0D006F07B3 /* safe.png */; };
		73F6C3B814CD9E0D006F07B3 /* scales.png in Resources */ = {isa = PBXBuildFile; fileRef = 73F6C37814CD9E0D006F07B3 /* scales.png */; };
		73F6C3B914CD9E0D006F07B3 /* shoppingcart.png in Resources */ = {isa = PBXBuildFile; fileRef = 73F6C37914CD9E0D006F07B3 /* shoppingcart.png */; };
		73F6C3BA14CD9E0D006F07B3 /* speaker.png in Resources */ = {isa = PBXBuildFile; fileRef = 73F6C37A14CD9E0D006F07B3 /* speaker.png */; };
		73F6C3BB14CD9E0D006F07B3 /* speechbubble.png in Resources */ = {isa = PBXBuildFile; fileRef = 73F6C37B14CD9E0D006F07B3 /* speechbubble.png */; };
		73F6C3BC14CD9E0D006F07B3 /* speechmedia.png in Resources */ = {isa = PBXBuildFile; fileRef = 73F6C37C14CD9E0D006F07B3 /* speechmedia.png */; };
		73F6C3BD14CD9E0D006F07B3 /* star.png in Resources */ = {isa = PBXBuildFile; fileRef = 73F6C37D14CD9E0D006F07B3 /* star.png */; };
		73F6C3BE14CD9E0D006F07B3 /* trash.png in Resources */ = {isa = PBXBuildFile; fileRef = 73F6C37E14CD9E0D006F07B3 /* trash.png */; };
		73F6C3BF14CD9E0D006F07B3 /* trend.png in Resources */ = {isa = PBXBuildFile; fileRef = 73F6C37F14CD9E0D006F07B3 /* trend.png */; };
		73F6C3C014CD9E0D006F07B3 /* world.png in Resources */ = {isa = PBXBuildFile; fileRef = 73F6C38014CD9E0D006F07B3 /* world.png */; };
/* End PBXBuildFile section */

/* Begin PBXContainerItemProxy section */
		7324640914BDE121000A44FE /* PBXContainerItemProxy */ = {
			isa = PBXContainerItemProxy;
			containerPortal = 732463CF14BDE121000A44FE /* Project object */;
			proxyType = 1;
			remoteGlobalIDString = 732463D714BDE121000A44FE;
			remoteInfo = "hojo!";
		};
/* End PBXContainerItemProxy section */

/* Begin PBXFileReference section */
		7303DE5314CDB41E00F20C5F /* MemberPickerController.h */ = {isa = PBXFileReference; fileEncoding = 4; lastKnownFileType = sourcecode.c.h; path = MemberPickerController.h; sourceTree = "<group>"; };
		7303DE5414CDB41E00F20C5F /* MemberPickerController.m */ = {isa = PBXFileReference; fileEncoding = 4; lastKnownFileType = sourcecode.c.objc; path = MemberPickerController.m; sourceTree = "<group>"; };
		7303DE5514CDB41E00F20C5F /* MemberPickerController.xib */ = {isa = PBXFileReference; fileEncoding = 4; lastKnownFileType = file.xib; path = MemberPickerController.xib; sourceTree = "<group>"; };
		7308696514C9BD35004E8224 /* 1Star.png */ = {isa = PBXFileReference; lastKnownFileType = image.png; path = 1Star.png; sourceTree = "<group>"; };
		7308696614C9BD35004E8224 /* 1Star@2x.png */ = {isa = PBXFileReference; lastKnownFileType = image.png; path = "1Star@2x.png"; sourceTree = "<group>"; };
		7308696714C9BD35004E8224 /* 1StarSmall.png */ = {isa = PBXFileReference; lastKnownFileType = image.png; path = 1StarSmall.png; sourceTree = "<group>"; };
		7308696814C9BD35004E8224 /* 1StarSmall@2x.png */ = {isa = PBXFileReference; lastKnownFileType = image.png; path = "1StarSmall@2x.png"; sourceTree = "<group>"; };
		7308696914C9BD35004E8224 /* 2Stars.png */ = {isa = PBXFileReference; lastKnownFileType = image.png; path = 2Stars.png; sourceTree = "<group>"; };
		7308696A14C9BD35004E8224 /* 2Stars@2x.png */ = {isa = PBXFileReference; lastKnownFileType = image.png; path = "2Stars@2x.png"; sourceTree = "<group>"; };
		7308696B14C9BD35004E8224 /* 2StarsSmall.png */ = {isa = PBXFileReference; lastKnownFileType = image.png; path = 2StarsSmall.png; sourceTree = "<group>"; };
		7308696C14C9BD35004E8224 /* 2StarsSmall@2x.png */ = {isa = PBXFileReference; lastKnownFileType = image.png; path = "2StarsSmall@2x.png"; sourceTree = "<group>"; };
		7308696D14C9BD35004E8224 /* 3Stars.png */ = {isa = PBXFileReference; lastKnownFileType = image.png; path = 3Stars.png; sourceTree = "<group>"; };
		7308696E14C9BD35004E8224 /* 3Stars@2x.png */ = {isa = PBXFileReference; lastKnownFileType = image.png; path = "3Stars@2x.png"; sourceTree = "<group>"; };
		7308696F14C9BD35004E8224 /* 3StarsSmall.png */ = {isa = PBXFileReference; lastKnownFileType = image.png; path = 3StarsSmall.png; sourceTree = "<group>"; };
		7308697014C9BD35004E8224 /* 3StarsSmall@2x.png */ = {isa = PBXFileReference; lastKnownFileType = image.png; path = "3StarsSmall@2x.png"; sourceTree = "<group>"; };
		7308697114C9BD35004E8224 /* 4Stars.png */ = {isa = PBXFileReference; lastKnownFileType = image.png; path = 4Stars.png; sourceTree = "<group>"; };
		7308697214C9BD35004E8224 /* 4Stars@2x.png */ = {isa = PBXFileReference; lastKnownFileType = image.png; path = "4Stars@2x.png"; sourceTree = "<group>"; };
		7308697314C9BD35004E8224 /* 4StarsSmall.png */ = {isa = PBXFileReference; lastKnownFileType = image.png; path = 4StarsSmall.png; sourceTree = "<group>"; };
		7308697414C9BD35004E8224 /* 4StarsSmall@2x.png */ = {isa = PBXFileReference; lastKnownFileType = image.png; path = "4StarsSmall@2x.png"; sourceTree = "<group>"; };
		7308697514C9BD35004E8224 /* 5Stars.png */ = {isa = PBXFileReference; lastKnownFileType = image.png; path = 5Stars.png; sourceTree = "<group>"; };
		7308697614C9BD35004E8224 /* 5Stars@2x.png */ = {isa = PBXFileReference; lastKnownFileType = image.png; path = "5Stars@2x.png"; sourceTree = "<group>"; };
		7308697714C9BD35004E8224 /* 5StarsSmall.png */ = {isa = PBXFileReference; lastKnownFileType = image.png; path = 5StarsSmall.png; sourceTree = "<group>"; };
		7308697814C9BD35004E8224 /* 5StarsSmall@2x.png */ = {isa = PBXFileReference; lastKnownFileType = image.png; path = "5StarsSmall@2x.png"; sourceTree = "<group>"; };
		7308697914C9BD35004E8224 /* Gestures.png */ = {isa = PBXFileReference; lastKnownFileType = image.png; path = Gestures.png; sourceTree = "<group>"; };
		7308697A14C9BD35004E8224 /* Gestures@2x.png */ = {isa = PBXFileReference; lastKnownFileType = image.png; path = "Gestures@2x.png"; sourceTree = "<group>"; };
		7308697B14C9BD35004E8224 /* Players.png */ = {isa = PBXFileReference; lastKnownFileType = image.png; path = Players.png; sourceTree = "<group>"; };
		7308697C14C9BD35004E8224 /* Players@2x.png */ = {isa = PBXFileReference; lastKnownFileType = image.png; path = "Players@2x.png"; sourceTree = "<group>"; };
		73086B7414C9D96A004E8224 /* WorkInfoViewController.h */ = {isa = PBXFileReference; fileEncoding = 4; lastKnownFileType = sourcecode.c.h; path = WorkInfoViewController.h; sourceTree = "<group>"; };
		73086B7514C9D96A004E8224 /* WorkInfoViewController.m */ = {isa = PBXFileReference; fileEncoding = 4; lastKnownFileType = sourcecode.c.objc; path = WorkInfoViewController.m; sourceTree = "<group>"; };
		730A2C1114BEB26000B472B1 /* DiaryCell.h */ = {isa = PBXFileReference; fileEncoding = 4; lastKnownFileType = sourcecode.c.h; path = DiaryCell.h; sourceTree = "<group>"; };
		730A2C1214BEB26000B472B1 /* DiaryCell.m */ = {isa = PBXFileReference; fileEncoding = 4; lastKnownFileType = sourcecode.c.objc; path = DiaryCell.m; sourceTree = "<group>"; };
		730A2C1514BEB53000B472B1 /* Location.gpx */ = {isa = PBXFileReference; fileEncoding = 4; lastKnownFileType = text.xml; path = Location.gpx; sourceTree = "<group>"; };
		730A2C1714BEB92100B472B1 /* DiaryDetailsViewController.h */ = {isa = PBXFileReference; fileEncoding = 4; lastKnownFileType = sourcecode.c.h; path = DiaryDetailsViewController.h; sourceTree = "<group>"; };
		730A2C1814BEB92100B472B1 /* DiaryDetailsViewController.m */ = {isa = PBXFileReference; fileEncoding = 4; lastKnownFileType = sourcecode.c.objc; path = DiaryDetailsViewController.m; sourceTree = "<group>"; };
		730BC2A714C51CAD00FE257F /* AddDiaryViewController.h */ = {isa = PBXFileReference; fileEncoding = 4; lastKnownFileType = sourcecode.c.h; path = AddDiaryViewController.h; sourceTree = "<group>"; };
		730BC2A814C51CAD00FE257F /* AddDiaryViewController.m */ = {isa = PBXFileReference; fileEncoding = 4; lastKnownFileType = sourcecode.c.objc; path = AddDiaryViewController.m; sourceTree = "<group>"; };
		730BC2A914C51CAD00FE257F /* AddDiaryViewController.xib */ = {isa = PBXFileReference; fileEncoding = 4; lastKnownFileType = file.xib; path = AddDiaryViewController.xib; sourceTree = "<group>"; };
		730BC2AD14C5581C00FE257F /* StartTimePickerViewController.h */ = {isa = PBXFileReference; fileEncoding = 4; lastKnownFileType = sourcecode.c.h; path = StartTimePickerViewController.h; sourceTree = "<group>"; };
		730BC2AE14C5581C00FE257F /* StartTimePickerViewController.m */ = {isa = PBXFileReference; fileEncoding = 4; lastKnownFileType = sourcecode.c.objc; path = StartTimePickerViewController.m; sourceTree = "<group>"; };
		730BC2AF14C5581D00FE257F /* StartTimePickerViewController.xib */ = {isa = PBXFileReference; fileEncoding = 4; lastKnownFileType = file.xib; path = StartTimePickerViewController.xib; sourceTree = "<group>"; };
		7310F89814CC5C2000DE76B5 /* MemoViewController.h */ = {isa = PBXFileReference; fileEncoding = 4; lastKnownFileType = sourcecode.c.h; path = MemoViewController.h; sourceTree = "<group>"; };
		7310F89914CC5C2000DE76B5 /* MemoViewController.m */ = {isa = PBXFileReference; fileEncoding = 4; lastKnownFileType = sourcecode.c.objc; path = MemoViewController.m; sourceTree = "<group>"; };
		732463D814BDE121000A44FE /* hojo!.app */ = {isa = PBXFileReference; explicitFileType = wrapper.application; includeInIndex = 0; path = "hojo!.app"; sourceTree = BUILT_PRODUCTS_DIR; };
		732463DC14BDE121000A44FE /* UIKit.framework */ = {isa = PBXFileReference; lastKnownFileType = wrapper.framework; name = UIKit.framework; path = System/Library/Frameworks/UIKit.framework; sourceTree = SDKROOT; };
		732463DE14BDE121000A44FE /* Foundation.framework */ = {isa = PBXFileReference; lastKnownFileType = wrapper.framework; name = Foundation.framework; path = System/Library/Frameworks/Foundation.framework; sourceTree = SDKROOT; };
		732463E014BDE121000A44FE /* CoreGraphics.framework */ = {isa = PBXFileReference; lastKnownFileType = wrapper.framework; name = CoreGraphics.framework; path = System/Library/Frameworks/CoreGraphics.framework; sourceTree = SDKROOT; };
		732463E414BDE121000A44FE /* hojo!-Info.plist */ = {isa = PBXFileReference; lastKnownFileType = text.plist.xml; path = "hojo!-Info.plist"; sourceTree = "<group>"; };
		732463E614BDE121000A44FE /* en */ = {isa = PBXFileReference; lastKnownFileType = text.plist.strings; name = en; path = en.lproj/InfoPlist.strings; sourceTree = "<group>"; };
		732463E814BDE121000A44FE /* main.m */ = {isa = PBXFileReference; lastKnownFileType = sourcecode.c.objc; path = main.m; sourceTree = "<group>"; };
		732463EA14BDE121000A44FE /* hojo!-Prefix.pch */ = {isa = PBXFileReference; lastKnownFileType = sourcecode.c.h; path = "hojo!-Prefix.pch"; sourceTree = "<group>"; };
		732463EB14BDE121000A44FE /* AppDelegate.h */ = {isa = PBXFileReference; lastKnownFileType = sourcecode.c.h; path = AppDelegate.h; sourceTree = "<group>"; };
		732463EC14BDE121000A44FE /* AppDelegate.m */ = {isa = PBXFileReference; lastKnownFileType = sourcecode.c.objc; path = AppDelegate.m; sourceTree = "<group>"; };
		732463EF14BDE121000A44FE /* en */ = {isa = PBXFileReference; lastKnownFileType = file.storyboard; name = en; path = en.lproj/MainStoryboard.storyboard; sourceTree = "<group>"; };
		732463F114BDE121000A44FE /* FirstViewController.h */ = {isa = PBXFileReference; lastKnownFileType = sourcecode.c.h; path = FirstViewController.h; sourceTree = "<group>"; };
		732463F214BDE121000A44FE /* FirstViewController.m */ = {isa = PBXFileReference; lastKnownFileType = sourcecode.c.objc; path = FirstViewController.m; sourceTree = "<group>"; };
		732463F414BDE121000A44FE /* first.png */ = {isa = PBXFileReference; lastKnownFileType = image.png; path = first.png; sourceTree = "<group>"; };
		732463F614BDE121000A44FE /* first@2x.png */ = {isa = PBXFileReference; lastKnownFileType = image.png; path = "first@2x.png"; sourceTree = "<group>"; };
		732463F814BDE121000A44FE /* SecondViewController.h */ = {isa = PBXFileReference; lastKnownFileType = sourcecode.c.h; path = SecondViewController.h; sourceTree = "<group>"; };
		732463F914BDE121000A44FE /* SecondViewController.m */ = {isa = PBXFileReference; lastKnownFileType = sourcecode.c.objc; path = SecondViewController.m; sourceTree = "<group>"; };
		732463FB14BDE121000A44FE /* second.png */ = {isa = PBXFileReference; lastKnownFileType = image.png; path = second.png; sourceTree = "<group>"; };
		732463FD14BDE121000A44FE /* second@2x.png */ = {isa = PBXFileReference; lastKnownFileType = image.png; path = "second@2x.png"; sourceTree = "<group>"; };
		7324640414BDE121000A44FE /* hojo!Tests.octest */ = {isa = PBXFileReference; explicitFileType = wrapper.cfbundle; includeInIndex = 0; path = "hojo!Tests.octest"; sourceTree = BUILT_PRODUCTS_DIR; };
		7324640514BDE121000A44FE /* SenTestingKit.framework */ = {isa = PBXFileReference; lastKnownFileType = wrapper.framework; name = SenTestingKit.framework; path = Library/Frameworks/SenTestingKit.framework; sourceTree = DEVELOPER_DIR; };
		7324640D14BDE121000A44FE /* hojo!Tests-Info.plist */ = {isa = PBXFileReference; lastKnownFileType = text.plist.xml; path = "hojo!Tests-Info.plist"; sourceTree = "<group>"; };
		7324640F14BDE121000A44FE /* en */ = {isa = PBXFileReference; lastKnownFileType = text.plist.strings; name = en; path = en.lproj/InfoPlist.strings; sourceTree = "<group>"; };
		7324641114BDE121000A44FE /* hojo_Tests.h */ = {isa = PBXFileReference; lastKnownFileType = sourcecode.c.h; path = hojo_Tests.h; sourceTree = "<group>"; };
		7324641214BDE121000A44FE /* hojo_Tests.m */ = {isa = PBXFileReference; lastKnownFileType = sourcecode.c.objc; path = hojo_Tests.m; sourceTree = "<group>"; };
		7324641C14BDE31B000A44FE /* CoreLocation.framework */ = {isa = PBXFileReference; lastKnownFileType = wrapper.framework; name = CoreLocation.framework; path = System/Library/Frameworks/CoreLocation.framework; sourceTree = SDKROOT; };
		7324641E14BDE325000A44FE /* MapKit.framework */ = {isa = PBXFileReference; lastKnownFileType = wrapper.framework; name = MapKit.framework; path = System/Library/Frameworks/MapKit.framework; sourceTree = SDKROOT; };
		7324642A14BDE4AB000A44FE /* MyAnnotation.h */ = {isa = PBXFileReference; fileEncoding = 4; lastKnownFileType = sourcecode.c.h; path = MyAnnotation.h; sourceTree = "<group>"; };
		7324642B14BDE4AB000A44FE /* MyAnnotation.m */ = {isa = PBXFileReference; fileEncoding = 4; lastKnownFileType = sourcecode.c.objc; path = MyAnnotation.m; sourceTree = "<group>"; };
		7324642D14BDE639000A44FE /* Icon@2x.png */ = {isa = PBXFileReference; lastKnownFileType = image.png; path = "Icon@2x.png"; sourceTree = "<group>"; };
		7324642F14BDE654000A44FE /* Default@2x.png */ = {isa = PBXFileReference; lastKnownFileType = image.png; path = "Default@2x.png"; sourceTree = "<group>"; };
		73277DDE14C92E9D00313FFB /* TakeHojoFromMap.h */ = {isa = PBXFileReference; fileEncoding = 4; lastKnownFileType = sourcecode.c.h; path = TakeHojoFromMap.h; sourceTree = "<group>"; };
		73277DDF14C92E9D00313FFB /* TakeHojoFromMap.m */ = {isa = PBXFileReference; fileEncoding = 4; lastKnownFileType = sourcecode.c.objc; path = TakeHojoFromMap.m; sourceTree = "<group>"; };
		73277DE014C92E9D00313FFB /* TakeHojoFromMap.xib */ = {isa = PBXFileReference; fileEncoding = 4; lastKnownFileType = file.xib; path = TakeHojoFromMap.xib; sourceTree = "<group>"; };
		733EEB9514CC1B9A004C6B5F /* ICB_WeatherConditions.h */ = {isa = PBXFileReference; fileEncoding = 4; lastKnownFileType = sourcecode.c.h; path = ICB_WeatherConditions.h; sourceTree = "<group>"; };
		733EEB9614CC1B9A004C6B5F /* ICB_WeatherConditions.m */ = {isa = PBXFileReference; fileEncoding = 4; lastKnownFileType = sourcecode.c.objc; path = ICB_WeatherConditions.m; sourceTree = "<group>"; };
		733EEB9A14CC1C4F004C6B5F /* MyReverseGeocoder.h */ = {isa = PBXFileReference; fileEncoding = 4; lastKnownFileType = sourcecode.c.h; path = MyReverseGeocoder.h; sourceTree = "<group>"; };
		733EEB9B14CC1C4F004C6B5F /* MyReverseGeocoder.m */ = {isa = PBXFileReference; fileEncoding = 4; lastKnownFileType = sourcecode.c.objc; path = MyReverseGeocoder.m; sourceTree = "<group>"; };
		733EEB9E14CC1C86004C6B5F /* CXMLDocument_CreationExtensions.h */ = {isa = PBXFileReference; fileEncoding = 4; lastKnownFileType = sourcecode.c.h; path = CXMLDocument_CreationExtensions.h; sourceTree = "<group>"; };
		733EEB9F14CC1C86004C6B5F /* CXMLDocument_CreationExtensions.m */ = {isa = PBXFileReference; fileEncoding = 4; lastKnownFileType = sourcecode.c.objc; path = CXMLDocument_CreationExtensions.m; sourceTree = "<group>"; };
		733EEBA014CC1C86004C6B5F /* CXMLNode_CreationExtensions.h */ = {isa = PBXFileReference; fileEncoding = 4; lastKnownFileType = sourcecode.c.h; path = CXMLNode_CreationExtensions.h; sourceTree = "<group>"; };
		733EEBA114CC1C86004C6B5F /* CXMLNode_CreationExtensions.m */ = {isa = PBXFileReference; fileEncoding = 4; lastKnownFileType = sourcecode.c.objc; path = CXMLNode_CreationExtensions.m; sourceTree = "<group>"; };
		733EEBA214CC1C86004C6B5F /* CXHTMLDocument.h */ = {isa = PBXFileReference; fileEncoding = 4; lastKnownFileType = sourcecode.c.h; path = CXHTMLDocument.h; sourceTree = "<group>"; };
		733EEBA314CC1C86004C6B5F /* CXHTMLDocument.m */ = {isa = PBXFileReference; fileEncoding = 4; lastKnownFileType = sourcecode.c.objc; path = CXHTMLDocument.m; sourceTree = "<group>"; };
		733EEBA414CC1C86004C6B5F /* CXMLDocument_PrivateExtensions.h */ = {isa = PBXFileReference; fileEncoding = 4; lastKnownFileType = sourcecode.c.h; path = CXMLDocument_PrivateExtensions.h; sourceTree = "<group>"; };
		733EEBA514CC1C86004C6B5F /* CXMLDocument_PrivateExtensions.m */ = {isa = PBXFileReference; fileEncoding = 4; lastKnownFileType = sourcecode.c.objc; path = CXMLDocument_PrivateExtensions.m; sourceTree = "<group>"; };
		733EEBA614CC1C86004C6B5F /* CXMLDocument.h */ = {isa = PBXFileReference; fileEncoding = 4; lastKnownFileType = sourcecode.c.h; path = CXMLDocument.h; sourceTree = "<group>"; };
		733EEBA714CC1C86004C6B5F /* CXMLDocument.m */ = {isa = PBXFileReference; fileEncoding = 4; lastKnownFileType = sourcecode.c.objc; path = CXMLDocument.m; sourceTree = "<group>"; };
		733EEBA814CC1C86004C6B5F /* CXMLElement_CreationExtensions.h */ = {isa = PBXFileReference; fileEncoding = 4; lastKnownFileType = sourcecode.c.h; path = CXMLElement_CreationExtensions.h; sourceTree = "<group>"; };
		733EEBA914CC1C86004C6B5F /* CXMLElement_CreationExtensions.m */ = {isa = PBXFileReference; fileEncoding = 4; lastKnownFileType = sourcecode.c.objc; path = CXMLElement_CreationExtensions.m; sourceTree = "<group>"; };
		733EEBAA14CC1C86004C6B5F /* CXMLElement_ElementTreeExtensions.h */ = {isa = PBXFileReference; fileEncoding = 4; lastKnownFileType = sourcecode.c.h; path = CXMLElement_ElementTreeExtensions.h; sourceTree = "<group>"; };
		733EEBAB14CC1C86004C6B5F /* CXMLElement_ElementTreeExtensions.m */ = {isa = PBXFileReference; fileEncoding = 4; lastKnownFileType = sourcecode.c.objc; path = CXMLElement_ElementTreeExtensions.m; sourceTree = "<group>"; };
		733EEBAC14CC1C86004C6B5F /* CXMLElement.h */ = {isa = PBXFileReference; fileEncoding = 4; lastKnownFileType = sourcecode.c.h; path = CXMLElement.h; sourceTree = "<group>"; };
		733EEBAD14CC1C86004C6B5F /* CXMLElement.m */ = {isa = PBXFileReference; fileEncoding = 4; lastKnownFileType = sourcecode.c.objc; path = CXMLElement.m; sourceTree = "<group>"; };
		733EEBAE14CC1C86004C6B5F /* CXMLNamespaceNode.h */ = {isa = PBXFileReference; fileEncoding = 4; lastKnownFileType = sourcecode.c.h; path = CXMLNamespaceNode.h; sourceTree = "<group>"; };
		733EEBAF14CC1C86004C6B5F /* CXMLNamespaceNode.m */ = {isa = PBXFileReference; fileEncoding = 4; lastKnownFileType = sourcecode.c.objc; path = CXMLNamespaceNode.m; sourceTree = "<group>"; };
		733EEBB014CC1C86004C6B5F /* CXMLNode_PrivateExtensions.h */ = {isa = PBXFileReference; fileEncoding = 4; lastKnownFileType = sourcecode.c.h; path = CXMLNode_PrivateExtensions.h; sourceTree = "<group>"; };
		733EEBB114CC1C86004C6B5F /* CXMLNode_PrivateExtensions.m */ = {isa = PBXFileReference; fileEncoding = 4; lastKnownFileType = sourcecode.c.objc; path = CXMLNode_PrivateExtensions.m; sourceTree = "<group>"; };
		733EEBB214CC1C86004C6B5F /* CXMLNode_XPathExtensions.h */ = {isa = PBXFileReference; fileEncoding = 4; lastKnownFileType = sourcecode.c.h; path = CXMLNode_XPathExtensions.h; sourceTree = "<group>"; };
		733EEBB314CC1C86004C6B5F /* CXMLNode_XPathExtensions.m */ = {isa = PBXFileReference; fileEncoding = 4; lastKnownFileType = sourcecode.c.objc; path = CXMLNode_XPathExtensions.m; sourceTree = "<group>"; };
		733EEBB414CC1C86004C6B5F /* CXMLNode.h */ = {isa = PBXFileReference; fileEncoding = 4; lastKnownFileType = sourcecode.c.h; path = CXMLNode.h; sourceTree = "<group>"; };
		733EEBB514CC1C86004C6B5F /* CXMLNode.m */ = {isa = PBXFileReference; fileEncoding = 4; lastKnownFileType = sourcecode.c.objc; path = CXMLNode.m; sourceTree = "<group>"; };
		733EEBB714CC1C86004C6B5F /* CTidy.h */ = {isa = PBXFileReference; fileEncoding = 4; lastKnownFileType = sourcecode.c.h; path = CTidy.h; sourceTree = "<group>"; };
		733EEBB814CC1C86004C6B5F /* CTidy.m */ = {isa = PBXFileReference; fileEncoding = 4; lastKnownFileType = sourcecode.c.objc; path = CTidy.m; sourceTree = "<group>"; };
		733EEBB914CC1C86004C6B5F /* TouchXML.h */ = {isa = PBXFileReference; fileEncoding = 4; lastKnownFileType = sourcecode.c.h; path = TouchXML.h; sourceTree = "<group>"; };
		739110D014C8413400BC3595 /* CropsTableViewController.h */ = {isa = PBXFileReference; fileEncoding = 4; lastKnownFileType = sourcecode.c.h; path = CropsTableViewController.h; sourceTree = "<group>"; };
		739110D114C8413400BC3595 /* CropsTableViewController.m */ = {isa = PBXFileReference; fileEncoding = 4; lastKnownFileType = sourcecode.c.objc; path = CropsTableViewController.m; sourceTree = "<group>"; };
		739110D214C8413400BC3595 /* CropsTableViewController.xib */ = {isa = PBXFileReference; fileEncoding = 4; lastKnownFileType = file.xib; path = CropsTableViewController.xib; sourceTree = "<group>"; };
		7391111914C86D5700BC3595 /* EditViewController.h */ = {isa = PBXFileReference; fileEncoding = 4; lastKnownFileType = sourcecode.c.h; path = EditViewController.h; sourceTree = "<group>"; };
		7391111A14C86D5700BC3595 /* EditViewController.m */ = {isa = PBXFileReference; fileEncoding = 4; lastKnownFileType = sourcecode.c.objc; path = EditViewController.m; sourceTree = "<group>"; };
		7391111B14C86D5700BC3595 /* EditViewController.xib */ = {isa = PBXFileReference; fileEncoding = 4; lastKnownFileType = file.xib; path = EditViewController.xib; sourceTree = "<group>"; };
		739C743D14BE81AD003F9831 /* Player.h */ = {isa = PBXFileReference; fileEncoding = 4; lastKnownFileType = sourcecode.c.h; path = Player.h; sourceTree = "<group>"; };
		739C743E14BE81AD003F9831 /* Player.m */ = {isa = PBXFileReference; fileEncoding = 4; lastKnownFileType = sourcecode.c.objc; path = Player.m; sourceTree = "<group>"; };
		739C744014BE867C003F9831 /* DiaryViewController.h */ = {isa = PBXFileReference; fileEncoding = 4; lastKnownFileType = sourcecode.c.h; path = DiaryViewController.h; sourceTree = "<group>"; };
		739C744114BE867C003F9831 /* DiaryViewController.m */ = {isa = PBXFileReference; fileEncoding = 4; lastKnownFileType = sourcecode.c.objc; path = DiaryViewController.m; sourceTree = "<group>"; };
		739E37FC14CD1882006AA739 /* AVFoundation.framework */ = {isa = PBXFileReference; lastKnownFileType = wrapper.framework; name = AVFoundation.framework; path = System/Library/Frameworks/AVFoundation.framework; sourceTree = SDKROOT; };
		739E37FF14CD1890006AA739 /* CoreAudio.framework */ = {isa = PBXFileReference; lastKnownFileType = wrapper.framework; name = CoreAudio.framework; path = System/Library/Frameworks/CoreAudio.framework; sourceTree = SDKROOT; };
		739E380B14CD45DB006AA739 /* MapDetailsViewController.h */ = {isa = PBXFileReference; fileEncoding = 4; lastKnownFileType = sourcecode.c.h; path = MapDetailsViewController.h; sourceTree = "<group>"; };
		739E380C14CD45DB006AA739 /* MapDetailsViewController.m */ = {isa = PBXFileReference; fileEncoding = 4; lastKnownFileType = sourcecode.c.objc; path = MapDetailsViewController.m; sourceTree = "<group>"; };
		739E380D14CD45DB006AA739 /* MapDetailsViewController.xib */ = {isa = PBXFileReference; fileEncoding = 4; lastKnownFileType = file.xib; path = MapDetailsViewController.xib; sourceTree = "<group>"; };
		73BF2A0214C158E900D5A151 /* MemberPickerViewController.h */ = {isa = PBXFileReference; fileEncoding = 4; lastKnownFileType = sourcecode.c.h; path = MemberPickerViewController.h; sourceTree = "<group>"; };
		73BF2A0314C158E900D5A151 /* MemberPickerViewController.m */ = {isa = PBXFileReference; fileEncoding = 4; lastKnownFileType = sourcecode.c.objc; path = MemberPickerViewController.m; sourceTree = "<group>"; };
		73EA2F5614C6649700DE080A /* WorkNameTableViewController.h */ = {isa = PBXFileReference; fileEncoding = 4; lastKnownFileType = sourcecode.c.h; path = WorkNameTableViewController.h; sourceTree = "<group>"; };
		73EA2F5714C6649700DE080A /* WorkNameTableViewController.m */ = {isa = PBXFileReference; fileEncoding = 4; lastKnownFileType = sourcecode.c.objc; path = WorkNameTableViewController.m; sourceTree = "<group>"; };
		73EA2F5814C6649700DE080A /* WorkNameTableViewController.xib */ = {isa = PBXFileReference; fileEncoding = 4; lastKnownFileType = file.xib; path = WorkNameTableViewController.xib; sourceTree = "<group>"; };
		73F6C23B14CD9DC1006F07B3 /* app-bits_iphone_toolbar_icons_README.pdf */ = {isa = PBXFileReference; lastKnownFileType = image.pdf; path = "app-bits_iphone_toolbar_icons_README.pdf"; sourceTree = "<group>"; };
		73F6C34114CD9E0D006F07B3 /* alarm.png */ = {isa = PBXFileReference; lastKnownFileType = image.png; path = alarm.png; sourceTree = "<group>"; };
		73F6C34214CD9E0D006F07B3 /* arrowdown.png */ = {isa = PBXFileReference; lastKnownFileType = image.png; path = arrowdown.png; sourceTree = "<group>"; };
		73F6C34314CD9E0D006F07B3 /* arrowleft.png */ = {isa = PBXFileReference; lastKnownFileType = image.png; path = arrowleft.png; sourceTree = "<group>"; };
		73F6C34414CD9E0D006F07B3 /* arrowright.png */ = {isa = PBXFileReference; lastKnownFileType = image.png; path = arrowright.png; sourceTree = "<group>"; };
		73F6C34514CD9E0D006F07B3 /* arrowup.png */ = {isa = PBXFileReference; lastKnownFileType = image.png; path = arrowup.png; sourceTree = "<group>"; };
		73F6C34614CD9E0D006F07B3 /* bank.png */ = {isa = PBXFileReference; lastKnownFileType = image.png; path = bank.png; sourceTree = "<group>"; };
		73F6C34714CD9E0D006F07B3 /* briefcase.png */ = {isa = PBXFileReference; lastKnownFileType = image.png; path = briefcase.png; sourceTree = "<group>"; };
		73F6C34814CD9E0D006F07B3 /* calculator.png */ = {isa = PBXFileReference; lastKnownFileType = image.png; path = calculator.png; sourceTree = "<group>"; };
		73F6C34914CD9E0D006F07B3 /* camera.png */ = {isa = PBXFileReference; lastKnownFileType = image.png; path = camera.png; sourceTree = "<group>"; };
		73F6C34A14CD9E0D006F07B3 /* clapboard.png */ = {isa = PBXFileReference; lastKnownFileType = image.png; path = clapboard.png; sourceTree = "<group>"; };
		73F6C34B14CD9E0D006F07B3 /* clock.png */ = {isa = PBXFileReference; lastKnownFileType = image.png; path = clock.png; sourceTree = "<group>"; };
		73F6C34C14CD9E0D006F07B3 /* connections.png */ = {isa = PBXFileReference; lastKnownFileType = image.png; path = connections.png; sourceTree = "<group>"; };
		73F6C34D14CD9E0D006F07B3 /* credit_card.png */ = {isa = PBXFileReference; lastKnownFileType = image.png; path = credit_card.png; sourceTree = "<group>"; };
		73F6C34E14CD9E0D006F07B3 /* database.png */ = {isa = PBXFileReference; lastKnownFileType = image.png; path = database.png; sourceTree = "<group>"; };
		73F6C34F14CD9E0D006F07B3 /* delete.png */ = {isa = PBXFileReference; lastKnownFileType = image.png; path = delete.png; sourceTree = "<group>"; };
		73F6C35014CD9E0D006F07B3 /* delivery.png */ = {isa = PBXFileReference; lastKnownFileType = image.png; path = delivery.png; sourceTree = "<group>"; };
		73F6C35114CD9E0D006F07B3 /* disk.png */ = {isa = PBXFileReference; lastKnownFileType = image.png; path = disk.png; sourceTree = "<group>"; };
		73F6C35214CD9E0D006F07B3 /* eject.png */ = {isa = PBXFileReference; lastKnownFileType = image.png; path = eject.png; sourceTree = "<group>"; };
		73F6C35314CD9E0D006F07B3 /* fastforward.png */ = {isa = PBXFileReference; lastKnownFileType = image.png; path = fastforward.png; sourceTree = "<group>"; };
		73F6C35414CD9E0D006F07B3 /* filter.png */ = {isa = PBXFileReference; lastKnownFileType = image.png; path = filter.png; sourceTree = "<group>"; };
		73F6C35514CD9E0D006F07B3 /* fire.png */ = {isa = PBXFileReference; lastKnownFileType = image.png; path = fire.png; sourceTree = "<group>"; };
		73F6C35614CD9E0D006F07B3 /* first_aid.png */ = {isa = PBXFileReference; lastKnownFileType = image.png; path = first_aid.png; sourceTree = "<group>"; };
		73F6C35714CD9E0D006F07B3 /* folder.png */ = {isa = PBXFileReference; lastKnownFileType = image.png; path = folder.png; sourceTree = "<group>"; };
		73F6C35814CD9E0D006F07B3 /* forwardtoend.png */ = {isa = PBXFileReference; lastKnownFileType = image.png; path = forwardtoend.png; sourceTree = "<group>"; };
		73F6C35914CD9E0D006F07B3 /* games.png */ = {isa = PBXFileReference; lastKnownFileType = image.png; path = games.png; sourceTree = "<group>"; };
		73F6C35A14CD9E0D006F07B3 /* graph.png */ = {isa = PBXFileReference; lastKnownFileType = image.png; path = graph.png; sourceTree = "<group>"; };
		73F6C35B14CD9E0D006F07B3 /* heart.png */ = {isa = PBXFileReference; lastKnownFileType = image.png; path = heart.png; sourceTree = "<group>"; };
		73F6C35C14CD9E0D006F07B3 /* house.png */ = {isa = PBXFileReference; lastKnownFileType = image.png; path = house.png; sourceTree = "<group>"; };
		73F6C35D14CD9E0D006F07B3 /* lightbulb.png */ = {isa = PBXFileReference; lastKnownFileType = image.png; path = lightbulb.png; sourceTree = "<group>"; };
		73F6C35E14CD9E0D006F07B3 /* magnet.png */ = {isa = PBXFileReference; lastKnownFileType = image.png; path = magnet.png; sourceTree = "<group>"; };
		73F6C35F14CD9E0D006F07B3 /* magnifyingglass.png */ = {isa = PBXFileReference; lastKnownFileType = image.png; path = magnifyingglass.png; sourceTree = "<group>"; };
		73F6C36014CD9E0D006F07B3 /* mailclosed.png */ = {isa = PBXFileReference; lastKnownFileType = image.png; path = mailclosed.png; sourceTree = "<group>"; };
		73F6C36114CD9E0D006F07B3 /* mailopened.png */ = {isa = PBXFileReference; lastKnownFileType = image.png; path = mailopened.png; sourceTree = "<group>"; };
		73F6C36214CD9E0D006F07B3 /* man.png */ = {isa = PBXFileReference; lastKnownFileType = image.png; path = man.png; sourceTree = "<group>"; };
		73F6C36314CD9E0D006F07B3 /* minus.png */ = {isa = PBXFileReference; lastKnownFileType = image.png; path = minus.png; sourceTree = "<group>"; };
		73F6C36414CD9E0D006F07B3 /* monitor.png */ = {isa = PBXFileReference; lastKnownFileType = image.png; path = monitor.png; sourceTree = "<group>"; };
		73F6C36514CD9E0D006F07B3 /* move.png */ = {isa = PBXFileReference; lastKnownFileType = image.png; path = move.png; sourceTree = "<group>"; };
		73F6C36614CD9E0D006F07B3 /* newspaper.png */ = {isa = PBXFileReference; lastKnownFileType = image.png; path = newspaper.png; sourceTree = "<group>"; };
		73F6C36714CD9E0D006F07B3 /* padlock.png */ = {isa = PBXFileReference; lastKnownFileType = image.png; path = padlock.png; sourceTree = "<group>"; };
		73F6C36814CD9E0D006F07B3 /* page.png */ = {isa = PBXFileReference; lastKnownFileType = image.png; path = page.png; sourceTree = "<group>"; };
		73F6C36914CD9E0D006F07B3 /* pause.png */ = {isa = PBXFileReference; lastKnownFileType = image.png; path = pause.png; sourceTree = "<group>"; };
		73F6C36A14CD9E0D006F07B3 /* pencilangled.png */ = {isa = PBXFileReference; lastKnownFileType = image.png; path = pencilangled.png; sourceTree = "<group>"; };
		73F6C36B14CD9E0D006F07B3 /* pencilstraight.png */ = {isa = PBXFileReference; lastKnownFileType = image.png; path = pencilstraight.png; sourceTree = "<group>"; };
		73F6C36C14CD9E0D006F07B3 /* photos.png */ = {isa = PBXFileReference; lastKnownFileType = image.png; path = photos.png; sourceTree = "<group>"; };
		73F6C36D14CD9E0D006F07B3 /* piggy.png */ = {isa = PBXFileReference; lastKnownFileType = image.png; path = piggy.png; sourceTree = "<group>"; };
		73F6C36E14CD9E0D006F07B3 /* play.png */ = {isa = PBXFileReference; lastKnownFileType = image.png; path = play.png; sourceTree = "<group>"; };
		73F6C36F14CD9E0D006F07B3 /* plus.png */ = {isa = PBXFileReference; lastKnownFileType = image.png; path = plus.png; sourceTree = "<group>"; };
		73F6C37014CD9E0D006F07B3 /* preferences.png */ = {isa = PBXFileReference; lastKnownFileType = image.png; path = preferences.png; sourceTree = "<group>"; };
		73F6C37114CD9E0D006F07B3 /* record.png */ = {isa = PBXFileReference; lastKnownFileType = image.png; path = record.png; sourceTree = "<group>"; };
		73F6C37214CD9E0D006F07B3 /* refresh.png */ = {isa = PBXFileReference; lastKnownFileType = image.png; path = refresh.png; sourceTree = "<group>"; };
		73F6C37314CD9E0D006F07B3 /* reload.png */ = {isa = PBXFileReference; lastKnownFileType = image.png; path = reload.png; sourceTree = "<group>"; };
		73F6C37414CD9E0D006F07B3 /* rewind.png */ = {isa = PBXFileReference; lastKnownFileType = image.png; path = rewind.png; sourceTree = "<group>"; };
		73F6C37514CD9E0D006F07B3 /* rewindtostart.png */ = {isa = PBXFileReference; lastKnownFileType = image.png; path = rewindtostart.png; sourceTree = "<group>"; };
		73F6C37614CD9E0D006F07B3 /* rss.png */ = {isa = PBXFileReference; lastKnownFileType = image.png; path = rss.png; sourceTree = "<group>"; };
		73F6C37714CD9E0D006F07B3 /* safe.png */ = {isa = PBXFileReference; lastKnownFileType = image.png; path = safe.png; sourceTree = "<group>"; };
		73F6C37814CD9E0D006F07B3 /* scales.png */ = {isa = PBXFileReference; lastKnownFileType = image.png; path = scales.png; sourceTree = "<group>"; };
		73F6C37914CD9E0D006F07B3 /* shoppingcart.png */ = {isa = PBXFileReference; lastKnownFileType = image.png; path = shoppingcart.png; sourceTree = "<group>"; };
		73F6C37A14CD9E0D006F07B3 /* speaker.png */ = {isa = PBXFileReference; lastKnownFileType = image.png; path = speaker.png; sourceTree = "<group>"; };
		73F6C37B14CD9E0D006F07B3 /* speechbubble.png */ = {isa = PBXFileReference; lastKnownFileType = image.png; path = speechbubble.png; sourceTree = "<group>"; };
		73F6C37C14CD9E0D006F07B3 /* speechmedia.png */ = {isa = PBXFileReference; lastKnownFileType = image.png; path = speechmedia.png; sourceTree = "<group>"; };
		73F6C37D14CD9E0D006F07B3 /* star.png */ = {isa = PBXFileReference; lastKnownFileType = image.png; path = star.png; sourceTree = "<group>"; };
		73F6C37E14CD9E0D006F07B3 /* trash.png */ = {isa = PBXFileReference; lastKnownFileType = image.png; path = trash.png; sourceTree = "<group>"; };
		73F6C37F14CD9E0D006F07B3 /* trend.png */ = {isa = PBXFileReference; lastKnownFileType = image.png; path = trend.png; sourceTree = "<group>"; };
		73F6C38014CD9E0D006F07B3 /* world.png */ = {isa = PBXFileReference; lastKnownFileType = image.png; path = world.png; sourceTree = "<group>"; };
/* End PBXFileReference section */

/* Begin PBXFrameworksBuildPhase section */
		732463D514BDE121000A44FE /* Frameworks */ = {
			isa = PBXFrameworksBuildPhase;
			buildActionMask = 2147483647;
			files = (
				739E380014CD1890006AA739 /* CoreAudio.framework in Frameworks */,
				739E37FD14CD1882006AA739 /* AVFoundation.framework in Frameworks */,
				7324641F14BDE325000A44FE /* MapKit.framework in Frameworks */,
				7324641D14BDE31B000A44FE /* CoreLocation.framework in Frameworks */,
				732463DD14BDE121000A44FE /* UIKit.framework in Frameworks */,
				732463DF14BDE121000A44FE /* Foundation.framework in Frameworks */,
				732463E114BDE121000A44FE /* CoreGraphics.framework in Frameworks */,
			);
			runOnlyForDeploymentPostprocessing = 0;
		};
		7324640014BDE121000A44FE /* Frameworks */ = {
			isa = PBXFrameworksBuildPhase;
			buildActionMask = 2147483647;
			files = (
				7324640614BDE121000A44FE /* SenTestingKit.framework in Frameworks */,
				7324640714BDE121000A44FE /* UIKit.framework in Frameworks */,
				7324640814BDE121000A44FE /* Foundation.framework in Frameworks */,
			);
			runOnlyForDeploymentPostprocessing = 0;
		};
/* End PBXFrameworksBuildPhase section */

/* Begin PBXGroup section */
		730423B414C8E5910037E8E4 /* EditTable */ = {
			isa = PBXGroup;
			children = (
				739110D014C8413400BC3595 /* CropsTableViewController.h */,
				739110D114C8413400BC3595 /* CropsTableViewController.m */,
				739110D214C8413400BC3595 /* CropsTableViewController.xib */,
				730BC2AD14C5581C00FE257F /* StartTimePickerViewController.h */,
				730BC2AE14C5581C00FE257F /* StartTimePickerViewController.m */,
				730BC2AF14C5581D00FE257F /* StartTimePickerViewController.xib */,
				73EA2F5614C6649700DE080A /* WorkNameTableViewController.h */,
				73EA2F5714C6649700DE080A /* WorkNameTableViewController.m */,
				73EA2F5814C6649700DE080A /* WorkNameTableViewController.xib */,
				7391111914C86D5700BC3595 /* EditViewController.h */,
				7391111A14C86D5700BC3595 /* EditViewController.m */,
				7391111B14C86D5700BC3595 /* EditViewController.xib */,
				73277DDE14C92E9D00313FFB /* TakeHojoFromMap.h */,
				73277DDF14C92E9D00313FFB /* TakeHojoFromMap.m */,
				73277DE014C92E9D00313FFB /* TakeHojoFromMap.xib */,
			);
			name = EditTable;
			sourceTree = "<group>";
		};
		7308696414C9BD35004E8224 /* Images */ = {
			isa = PBXGroup;
			children = (
				73F6C34014CD9E0D006F07B3 /* standard */,
				73F6C23A14CD9DC1006F07B3 /* iphone_toolbar_icons */,
				7308696514C9BD35004E8224 /* 1Star.png */,
				7308696614C9BD35004E8224 /* 1Star@2x.png */,
				7308696714C9BD35004E8224 /* 1StarSmall.png */,
				7308696814C9BD35004E8224 /* 1StarSmall@2x.png */,
				7308696914C9BD35004E8224 /* 2Stars.png */,
				7308696A14C9BD35004E8224 /* 2Stars@2x.png */,
				7308696B14C9BD35004E8224 /* 2StarsSmall.png */,
				7308696C14C9BD35004E8224 /* 2StarsSmall@2x.png */,
				7308696D14C9BD35004E8224 /* 3Stars.png */,
				7308696E14C9BD35004E8224 /* 3Stars@2x.png */,
				7308696F14C9BD35004E8224 /* 3StarsSmall.png */,
				7308697014C9BD35004E8224 /* 3StarsSmall@2x.png */,
				7308697114C9BD35004E8224 /* 4Stars.png */,
				7308697214C9BD35004E8224 /* 4Stars@2x.png */,
				7308697314C9BD35004E8224 /* 4StarsSmall.png */,
				7308697414C9BD35004E8224 /* 4StarsSmall@2x.png */,
				7308697514C9BD35004E8224 /* 5Stars.png */,
				7308697614C9BD35004E8224 /* 5Stars@2x.png */,
				7308697714C9BD35004E8224 /* 5StarsSmall.png */,
				7308697814C9BD35004E8224 /* 5StarsSmall@2x.png */,
				7308697914C9BD35004E8224 /* Gestures.png */,
				7308697A14C9BD35004E8224 /* Gestures@2x.png */,
				7308697B14C9BD35004E8224 /* Players.png */,
				7308697C14C9BD35004E8224 /* Players@2x.png */,
			);
			path = Images;
			sourceTree = SOURCE_ROOT;
		};
		7310F89614CC5BF400DE76B5 /* メモ */ = {
			isa = PBXGroup;
			children = (
				7310F89814CC5C2000DE76B5 /* MemoViewController.h */,
				7310F89914CC5C2000DE76B5 /* MemoViewController.m */,
			);
			name = "メモ";
			sourceTree = "<group>";
		};
		732463CD14BDE121000A44FE = {
			isa = PBXGroup;
			children = (
				7324642F14BDE654000A44FE /* Default@2x.png */,
				7324642D14BDE639000A44FE /* Icon@2x.png */,
				732463E214BDE121000A44FE /* hojo! */,
				7324640B14BDE121000A44FE /* hojo!Tests */,
				732463DB14BDE121000A44FE /* Frameworks */,
				732463D914BDE121000A44FE /* Products */,
			);
			sourceTree = "<group>";
		};
		732463D914BDE121000A44FE /* Products */ = {
			isa = PBXGroup;
			children = (
				732463D814BDE121000A44FE /* hojo!.app */,
				7324640414BDE121000A44FE /* hojo!Tests.octest */,
			);
			name = Products;
			sourceTree = "<group>";
		};
		732463DB14BDE121000A44FE /* Frameworks */ = {
			isa = PBXGroup;
			children = (
				739E37FF14CD1890006AA739 /* CoreAudio.framework */,
				739E37FC14CD1882006AA739 /* AVFoundation.framework */,
				7324641E14BDE325000A44FE /* MapKit.framework */,
				7324641C14BDE31B000A44FE /* CoreLocation.framework */,
				732463DC14BDE121000A44FE /* UIKit.framework */,
				732463DE14BDE121000A44FE /* Foundation.framework */,
				732463E014BDE121000A44FE /* CoreGraphics.framework */,
				7324640514BDE121000A44FE /* SenTestingKit.framework */,
			);
			name = Frameworks;
			sourceTree = "<group>";
		};
		732463E214BDE121000A44FE /* hojo! */ = {
			isa = PBXGroup;
			children = (
				7310F89614CC5BF400DE76B5 /* メモ */,
				733EEBC714CC1D3B004C6B5F /* TouchXML */,
				733EEB9914CC1C03004C6B5F /* 作業情報 */,
				7308696414C9BD35004E8224 /* Images */,
				73BF2A0214C158E900D5A151 /* MemberPickerViewController.h */,
				73BF2A0314C158E900D5A151 /* MemberPickerViewController.m */,
				730A2C1514BEB53000B472B1 /* Location.gpx */,
				730A2C1114BEB26000B472B1 /* DiaryCell.h */,
				730A2C1214BEB26000B472B1 /* DiaryCell.m */,
				732463EB14BDE121000A44FE /* AppDelegate.h */,
				732463EC14BDE121000A44FE /* AppDelegate.m */,
				732463EE14BDE121000A44FE /* MainStoryboard.storyboard */,
				739C744014BE867C003F9831 /* DiaryViewController.h */,
				739C744114BE867C003F9831 /* DiaryViewController.m */,
				730BC2A714C51CAD00FE257F /* AddDiaryViewController.h */,
				730BC2A814C51CAD00FE257F /* AddDiaryViewController.m */,
				730BC2A914C51CAD00FE257F /* AddDiaryViewController.xib */,
				730A2C1714BEB92100B472B1 /* DiaryDetailsViewController.h */,
				730A2C1814BEB92100B472B1 /* DiaryDetailsViewController.m */,
				732463F114BDE121000A44FE /* FirstViewController.h */,
				732463F214BDE121000A44FE /* FirstViewController.m */,
				739C743D14BE81AD003F9831 /* Player.h */,
				739C743E14BE81AD003F9831 /* Player.m */,
				739E380914CD458B006AA739 /* 圃場マップ */,
				732463F414BDE121000A44FE /* first.png */,
				732463F614BDE121000A44FE /* first@2x.png */,
				732463FB14BDE121000A44FE /* second.png */,
				732463FD14BDE121000A44FE /* second@2x.png */,
				7324642B14BDE4AB000A44FE /* MyAnnotation.m */,
				7324642A14BDE4AB000A44FE /* MyAnnotation.h */,
				730423B414C8E5910037E8E4 /* EditTable */,
				732463E314BDE121000A44FE /* Supporting Files */,
			);
			path = "hojo!";
			sourceTree = "<group>";
		};
		732463E314BDE121000A44FE /* Supporting Files */ = {
			isa = PBXGroup;
			children = (
				732463E414BDE121000A44FE /* hojo!-Info.plist */,
				732463E514BDE121000A44FE /* InfoPlist.strings */,
				732463E814BDE121000A44FE /* main.m */,
				732463EA14BDE121000A44FE /* hojo!-Prefix.pch */,
			);
			name = "Supporting Files";
			sourceTree = "<group>";
		};
		7324640B14BDE121000A44FE /* hojo!Tests */ = {
			isa = PBXGroup;
			children = (
				7324641114BDE121000A44FE /* hojo_Tests.h */,
				7324641214BDE121000A44FE /* hojo_Tests.m */,
				7324640C14BDE121000A44FE /* Supporting Files */,
			);
			path = "hojo!Tests";
			sourceTree = "<group>";
		};
		7324640C14BDE121000A44FE /* Supporting Files */ = {
			isa = PBXGroup;
			children = (
				7324640D14BDE121000A44FE /* hojo!Tests-Info.plist */,
				7324640E14BDE121000A44FE /* InfoPlist.strings */,
			);
			name = "Supporting Files";
			sourceTree = "<group>";
		};
		733EEB9914CC1C03004C6B5F /* 作業情報 */ = {
			isa = PBXGroup;
			children = (
				73086B7414C9D96A004E8224 /* WorkInfoViewController.h */,
				73086B7514C9D96A004E8224 /* WorkInfoViewController.m */,
				733EEB9514CC1B9A004C6B5F /* ICB_WeatherConditions.h */,
				733EEB9614CC1B9A004C6B5F /* ICB_WeatherConditions.m */,
				733EEB9A14CC1C4F004C6B5F /* MyReverseGeocoder.h */,
				733EEB9B14CC1C4F004C6B5F /* MyReverseGeocoder.m */,
				7303DE5314CDB41E00F20C5F /* MemberPickerController.h */,
				7303DE5414CDB41E00F20C5F /* MemberPickerController.m */,
				7303DE5514CDB41E00F20C5F /* MemberPickerController.xib */,
			);
			name = "作業情報";
			sourceTree = "<group>";
		};
		733EEB9D14CC1C86004C6B5F /* Creation */ = {
			isa = PBXGroup;
			children = (
				733EEB9E14CC1C86004C6B5F /* CXMLDocument_CreationExtensions.h */,
				733EEB9F14CC1C86004C6B5F /* CXMLDocument_CreationExtensions.m */,
				733EEBA014CC1C86004C6B5F /* CXMLNode_CreationExtensions.h */,
				733EEBA114CC1C86004C6B5F /* CXMLNode_CreationExtensions.m */,
			);
			path = Creation;
			sourceTree = "<group>";
		};
		733EEBB614CC1C86004C6B5F /* Tidy */ = {
			isa = PBXGroup;
			children = (
				733EEBB714CC1C86004C6B5F /* CTidy.h */,
				733EEBB814CC1C86004C6B5F /* CTidy.m */,
			);
			path = Tidy;
			sourceTree = "<group>";
		};
		733EEBC714CC1D3B004C6B5F /* TouchXML */ = {
			isa = PBXGroup;
			children = (
				733EEB9D14CC1C86004C6B5F /* Creation */,
				733EEBA214CC1C86004C6B5F /* CXHTMLDocument.h */,
				733EEBA314CC1C86004C6B5F /* CXHTMLDocument.m */,
				733EEBA414CC1C86004C6B5F /* CXMLDocument_PrivateExtensions.h */,
				733EEBA514CC1C86004C6B5F /* CXMLDocument_PrivateExtensions.m */,
				733EEBA614CC1C86004C6B5F /* CXMLDocument.h */,
				733EEBA714CC1C86004C6B5F /* CXMLDocument.m */,
				733EEBA814CC1C86004C6B5F /* CXMLElement_CreationExtensions.h */,
				733EEBA914CC1C86004C6B5F /* CXMLElement_CreationExtensions.m */,
				733EEBAA14CC1C86004C6B5F /* CXMLElement_ElementTreeExtensions.h */,
				733EEBAB14CC1C86004C6B5F /* CXMLElement_ElementTreeExtensions.m */,
				733EEBAC14CC1C86004C6B5F /* CXMLElement.h */,
				733EEBAD14CC1C86004C6B5F /* CXMLElement.m */,
				733EEBAE14CC1C86004C6B5F /* CXMLNamespaceNode.h */,
				733EEBAF14CC1C86004C6B5F /* CXMLNamespaceNode.m */,
				733EEBB014CC1C86004C6B5F /* CXMLNode_PrivateExtensions.h */,
				733EEBB114CC1C86004C6B5F /* CXMLNode_PrivateExtensions.m */,
				733EEBB214CC1C86004C6B5F /* CXMLNode_XPathExtensions.h */,
				733EEBB314CC1C86004C6B5F /* CXMLNode_XPathExtensions.m */,
				733EEBB414CC1C86004C6B5F /* CXMLNode.h */,
				733EEBB514CC1C86004C6B5F /* CXMLNode.m */,
				733EEBB614CC1C86004C6B5F /* Tidy */,
				733EEBB914CC1C86004C6B5F /* TouchXML.h */,
			);
			name = TouchXML;
			sourceTree = "<group>";
		};
		739E380914CD458B006AA739 /* 圃場マップ */ = {
			isa = PBXGroup;
			children = (
				732463F814BDE121000A44FE /* SecondViewController.h */,
				732463F914BDE121000A44FE /* SecondViewController.m */,
				739E380B14CD45DB006AA739 /* MapDetailsViewController.h */,
				739E380C14CD45DB006AA739 /* MapDetailsViewController.m */,
				739E380D14CD45DB006AA739 /* MapDetailsViewController.xib */,
			);
			name = "圃場マップ";
			sourceTree = "<group>";
		};
		73F6C23A14CD9DC1006F07B3 /* iphone_toolbar_icons */ = {
			isa = PBXGroup;
			children = (
				73F6C23B14CD9DC1006F07B3 /* app-bits_iphone_toolbar_icons_README.pdf */,
			);
			name = iphone_toolbar_icons;
			path = ../../../Downloads/iphone_toolbar_icons;
			sourceTree = "<group>";
		};
		73F6C34014CD9E0D006F07B3 /* standard */ = {
			isa = PBXGroup;
			children = (
				73F6C34114CD9E0D006F07B3 /* alarm.png */,
				73F6C34214CD9E0D006F07B3 /* arrowdown.png */,
				73F6C34314CD9E0D006F07B3 /* arrowleft.png */,
				73F6C34414CD9E0D006F07B3 /* arrowright.png */,
				73F6C34514CD9E0D006F07B3 /* arrowup.png */,
				73F6C34614CD9E0D006F07B3 /* bank.png */,
				73F6C34714CD9E0D006F07B3 /* briefcase.png */,
				73F6C34814CD9E0D006F07B3 /* calculator.png */,
				73F6C34914CD9E0D006F07B3 /* camera.png */,
				73F6C34A14CD9E0D006F07B3 /* clapboard.png */,
				73F6C34B14CD9E0D006F07B3 /* clock.png */,
				73F6C34C14CD9E0D006F07B3 /* connections.png */,
				73F6C34D14CD9E0D006F07B3 /* credit_card.png */,
				73F6C34E14CD9E0D006F07B3 /* database.png */,
				73F6C34F14CD9E0D006F07B3 /* delete.png */,
				73F6C35014CD9E0D006F07B3 /* delivery.png */,
				73F6C35114CD9E0D006F07B3 /* disk.png */,
				73F6C35214CD9E0D006F07B3 /* eject.png */,
				73F6C35314CD9E0D006F07B3 /* fastforward.png */,
				73F6C35414CD9E0D006F07B3 /* filter.png */,
				73F6C35514CD9E0D006F07B3 /* fire.png */,
				73F6C35614CD9E0D006F07B3 /* first_aid.png */,
				73F6C35714CD9E0D006F07B3 /* folder.png */,
				73F6C35814CD9E0D006F07B3 /* forwardtoend.png */,
				73F6C35914CD9E0D006F07B3 /* games.png */,
				73F6C35A14CD9E0D006F07B3 /* graph.png */,
				73F6C35B14CD9E0D006F07B3 /* heart.png */,
				73F6C35C14CD9E0D006F07B3 /* house.png */,
				73F6C35D14CD9E0D006F07B3 /* lightbulb.png */,
				73F6C35E14CD9E0D006F07B3 /* magnet.png */,
				73F6C35F14CD9E0D006F07B3 /* magnifyingglass.png */,
				73F6C36014CD9E0D006F07B3 /* mailclosed.png */,
				73F6C36114CD9E0D006F07B3 /* mailopened.png */,
				73F6C36214CD9E0D006F07B3 /* man.png */,
				73F6C36314CD9E0D006F07B3 /* minus.png */,
				73F6C36414CD9E0D006F07B3 /* monitor.png */,
				73F6C36514CD9E0D006F07B3 /* move.png */,
				73F6C36614CD9E0D006F07B3 /* newspaper.png */,
				73F6C36714CD9E0D006F07B3 /* padlock.png */,
				73F6C36814CD9E0D006F07B3 /* page.png */,
				73F6C36914CD9E0D006F07B3 /* pause.png */,
				73F6C36A14CD9E0D006F07B3 /* pencilangled.png */,
				73F6C36B14CD9E0D006F07B3 /* pencilstraight.png */,
				73F6C36C14CD9E0D006F07B3 /* photos.png */,
				73F6C36D14CD9E0D006F07B3 /* piggy.png */,
				73F6C36E14CD9E0D006F07B3 /* play.png */,
				73F6C36F14CD9E0D006F07B3 /* plus.png */,
				73F6C37014CD9E0D006F07B3 /* preferences.png */,
				73F6C37114CD9E0D006F07B3 /* record.png */,
				73F6C37214CD9E0D006F07B3 /* refresh.png */,
				73F6C37314CD9E0D006F07B3 /* reload.png */,
				73F6C37414CD9E0D006F07B3 /* rewind.png */,
				73F6C37514CD9E0D006F07B3 /* rewindtostart.png */,
				73F6C37614CD9E0D006F07B3 /* rss.png */,
				73F6C37714CD9E0D006F07B3 /* safe.png */,
				73F6C37814CD9E0D006F07B3 /* scales.png */,
				73F6C37914CD9E0D006F07B3 /* shoppingcart.png */,
				73F6C37A14CD9E0D006F07B3 /* speaker.png */,
				73F6C37B14CD9E0D006F07B3 /* speechbubble.png */,
				73F6C37C14CD9E0D006F07B3 /* speechmedia.png */,
				73F6C37D14CD9E0D006F07B3 /* star.png */,
				73F6C37E14CD9E0D006F07B3 /* trash.png */,
				73F6C37F14CD9E0D006F07B3 /* trend.png */,
				73F6C38014CD9E0D006F07B3 /* world.png */,
			);
			name = standard;
			path = ../../../Downloads/iphone_toolbar_icons/standard;
			sourceTree = "<group>";
		};
/* End PBXGroup section */

/* Begin PBXNativeTarget section */
		732463D714BDE121000A44FE /* hojo! */ = {
			isa = PBXNativeTarget;
			buildConfigurationList = 7324641614BDE121000A44FE /* Build configuration list for PBXNativeTarget "hojo!" */;
			buildPhases = (
				732463D414BDE121000A44FE /* Sources */,
				732463D514BDE121000A44FE /* Frameworks */,
				732463D614BDE121000A44FE /* Resources */,
			);
			buildRules = (
			);
			dependencies = (
			);
			name = "hojo!";
			productName = "hojo!";
			productReference = 732463D814BDE121000A44FE /* hojo!.app */;
			productType = "com.apple.product-type.application";
		};
		7324640314BDE121000A44FE /* hojo!Tests */ = {
			isa = PBXNativeTarget;
			buildConfigurationList = 7324641914BDE121000A44FE /* Build configuration list for PBXNativeTarget "hojo!Tests" */;
			buildPhases = (
				732463FF14BDE121000A44FE /* Sources */,
				7324640014BDE121000A44FE /* Frameworks */,
				7324640114BDE121000A44FE /* Resources */,
				7324640214BDE121000A44FE /* ShellScript */,
			);
			buildRules = (
			);
			dependencies = (
				7324640A14BDE121000A44FE /* PBXTargetDependency */,
			);
			name = "hojo!Tests";
			productName = "hojo!Tests";
			productReference = 7324640414BDE121000A44FE /* hojo!Tests.octest */;
			productType = "com.apple.product-type.bundle";
		};
/* End PBXNativeTarget section */

/* Begin PBXProject section */
		732463CF14BDE121000A44FE /* Project object */ = {
			isa = PBXProject;
			attributes = {
				LastUpgradeCheck = 0420;
				ORGANIZATIONNAME = "香川高専高松キャンパス";
			};
			buildConfigurationList = 732463D214BDE121000A44FE /* Build configuration list for PBXProject "hojo!" */;
			compatibilityVersion = "Xcode 3.2";
			developmentRegion = English;
			hasScannedForEncodings = 0;
			knownRegions = (
				en,
			);
			mainGroup = 732463CD14BDE121000A44FE;
			productRefGroup = 732463D914BDE121000A44FE /* Products */;
			projectDirPath = "";
			projectRoot = "";
			targets = (
				732463D714BDE121000A44FE /* hojo! */,
				7324640314BDE121000A44FE /* hojo!Tests */,
			);
		};
/* End PBXProject section */

/* Begin PBXResourcesBuildPhase section */
		732463D614BDE121000A44FE /* Resources */ = {
			isa = PBXResourcesBuildPhase;
			buildActionMask = 2147483647;
			files = (
				732463E714BDE121000A44FE /* InfoPlist.strings in Resources */,
				732463F014BDE121000A44FE /* MainStoryboard.storyboard in Resources */,
				732463F514BDE121000A44FE /* first.png in Resources */,
				732463F714BDE121000A44FE /* first@2x.png in Resources */,
				732463FC14BDE121000A44FE /* second.png in Resources */,
				732463FE14BDE121000A44FE /* second@2x.png in Resources */,
				7324642E14BDE639000A44FE /* Icon@2x.png in Resources */,
				7324643014BDE654000A44FE /* Default@2x.png in Resources */,
				730A2C1614BEB53000B472B1 /* Location.gpx in Resources */,
				730BC2AB14C51CAD00FE257F /* AddDiaryViewController.xib in Resources */,
				730BC2B114C5581D00FE257F /* StartTimePickerViewController.xib in Resources */,
				73EA2F5A14C6649700DE080A /* WorkNameTableViewController.xib in Resources */,
				739110D414C8413400BC3595 /* CropsTableViewController.xib in Resources */,
				7391111D14C86D5800BC3595 /* EditViewController.xib in Resources */,
				73277DE214C92E9D00313FFB /* TakeHojoFromMap.xib in Resources */,
				7308697D14C9BD35004E8224 /* 1Star.png in Resources */,
				7308697E14C9BD35004E8224 /* 1Star@2x.png in Resources */,
				7308697F14C9BD35004E8224 /* 1StarSmall.png in Resources */,
				7308698014C9BD35004E8224 /* 1StarSmall@2x.png in Resources */,
				7308698114C9BD35004E8224 /* 2Stars.png in Resources */,
				7308698214C9BD35004E8224 /* 2Stars@2x.png in Resources */,
				7308698314C9BD35004E8224 /* 2StarsSmall.png in Resources */,
				7308698414C9BD35004E8224 /* 2StarsSmall@2x.png in Resources */,
				7308698514C9BD35004E8224 /* 3Stars.png in Resources */,
				7308698614C9BD35004E8224 /* 3Stars@2x.png in Resources */,
				7308698714C9BD35004E8224 /* 3StarsSmall.png in Resources */,
				7308698814C9BD35004E8224 /* 3StarsSmall@2x.png in Resources */,
				7308698914C9BD35004E8224 /* 4Stars.png in Resources */,
				7308698A14C9BD35004E8224 /* 4Stars@2x.png in Resources */,
				7308698B14C9BD35004E8224 /* 4StarsSmall.png in Resources */,
				7308698C14C9BD35004E8224 /* 4StarsSmall@2x.png in Resources */,
				7308698D14C9BD35004E8224 /* 5Stars.png in Resources */,
				7308698E14C9BD35004E8224 /* 5Stars@2x.png in Resources */,
				7308698F14C9BD35004E8224 /* 5StarsSmall.png in Resources */,
				7308699014C9BD35004E8224 /* 5StarsSmall@2x.png in Resources */,
				7308699114C9BD35004E8224 /* Gestures.png in Resources */,
				7308699214C9BD35004E8224 /* Gestures@2x.png in Resources */,
				7308699314C9BD35004E8224 /* Players.png in Resources */,
				7308699414C9BD35004E8224 /* Players@2x.png in Resources */,
				739E380F14CD45DB006AA739 /* MapDetailsViewController.xib in Resources */,
				73F6C2BE14CD9DC1006F07B3 /* app-bits_iphone_toolbar_icons_README.pdf in Resources */,
				73F6C38114CD9E0D006F07B3 /* alarm.png in Resources */,
				73F6C38214CD9E0D006F07B3 /* arrowdown.png in Resources */,
				73F6C38314CD9E0D006F07B3 /* arrowleft.png in Resources */,
				73F6C38414CD9E0D006F07B3 /* arrowright.png in Resources */,
				73F6C38514CD9E0D006F07B3 /* arrowup.png in Resources */,
				73F6C38614CD9E0D006F07B3 /* bank.png in Resources */,
				73F6C38714CD9E0D006F07B3 /* briefcase.png in Resources */,
				73F6C38814CD9E0D006F07B3 /* calculator.png in Resources */,
				73F6C38914CD9E0D006F07B3 /* camera.png in Resources */,
				73F6C38A14CD9E0D006F07B3 /* clapboard.png in Resources */,
				73F6C38B14CD9E0D006F07B3 /* clock.png in Resources */,
				73F6C38C14CD9E0D006F07B3 /* connections.png in Resources */,
				73F6C38D14CD9E0D006F07B3 /* credit_card.png in Resources */,
				73F6C38E14CD9E0D006F07B3 /* database.png in Resources */,
				73F6C38F14CD9E0D006F07B3 /* delete.png in Resources */,
				73F6C39014CD9E0D006F07B3 /* delivery.png in Resources */,
				73F6C39114CD9E0D006F07B3 /* disk.png in Resources */,
				73F6C39214CD9E0D006F07B3 /* eject.png in Resources */,
				73F6C39314CD9E0D006F07B3 /* fastforward.png in Resources */,
				73F6C39414CD9E0D006F07B3 /* filter.png in Resources */,
				73F6C39514CD9E0D006F07B3 /* fire.png in Resources */,
				73F6C39614CD9E0D006F07B3 /* first_aid.png in Resources */,
				73F6C39714CD9E0D006F07B3 /* folder.png in Resources */,
				73F6C39814CD9E0D006F07B3 /* forwardtoend.png in Resources */,
				73F6C39914CD9E0D006F07B3 /* games.png in Resources */,
				73F6C39A14CD9E0D006F07B3 /* graph.png in Resources */,
				73F6C39B14CD9E0D006F07B3 /* heart.png in Resources */,
				73F6C39C14CD9E0D006F07B3 /* house.png in Resources */,
				73F6C39D14CD9E0D006F07B3 /* lightbulb.png in Resources */,
				73F6C39E14CD9E0D006F07B3 /* magnet.png in Resources */,
				73F6C39F14CD9E0D006F07B3 /* magnifyingglass.png in Resources */,
				73F6C3A014CD9E0D006F07B3 /* mailclosed.png in Resources */,
				73F6C3A114CD9E0D006F07B3 /* mailopened.png in Resources */,
				73F6C3A214CD9E0D006F07B3 /* man.png in Resources */,
				73F6C3A314CD9E0D006F07B3 /* minus.png in Resources */,
				73F6C3A414CD9E0D006F07B3 /* monitor.png in Resources */,
				73F6C3A514CD9E0D006F07B3 /* move.png in Resources */,
				73F6C3A614CD9E0D006F07B3 /* newspaper.png in Resources */,
				73F6C3A714CD9E0D006F07B3 /* padlock.png in Resources */,
				73F6C3A814CD9E0D006F07B3 /* page.png in Resources */,
				73F6C3A914CD9E0D006F07B3 /* pause.png in Resources */,
				73F6C3AA14CD9E0D006F07B3 /* pencilangled.png in Resources */,
				73F6C3AB14CD9E0D006F07B3 /* pencilstraight.png in Resources */,
				73F6C3AC14CD9E0D006F07B3 /* photos.png in Resources */,
				73F6C3AD14CD9E0D006F07B3 /* piggy.png in Resources */,
				73F6C3AE14CD9E0D006F07B3 /* play.png in Resources */,
				73F6C3AF14CD9E0D006F07B3 /* plus.png in Resources */,
				73F6C3B014CD9E0D006F07B3 /* preferences.png in Resources */,
				73F6C3B114CD9E0D006F07B3 /* record.png in Resources */,
				73F6C3B214CD9E0D006F07B3 /* refresh.png in Resources */,
				73F6C3B314CD9E0D006F07B3 /* reload.png in Resources */,
				73F6C3B414CD9E0D006F07B3 /* rewind.png in Resources */,
				73F6C3B514CD9E0D006F07B3 /* rewindtostart.png in Resources */,
				73F6C3B614CD9E0D006F07B3 /* rss.png in Resources */,
				73F6C3B714CD9E0D006F07B3 /* safe.png in Resources */,
				73F6C3B814CD9E0D006F07B3 /* scales.png in Resources */,
				73F6C3B914CD9E0D006F07B3 /* shoppingcart.png in Resources */,
				73F6C3BA14CD9E0D006F07B3 /* speaker.png in Resources */,
				73F6C3BB14CD9E0D006F07B3 /* speechbubble.png in Resources */,
				73F6C3BC14CD9E0D006F07B3 /* speechmedia.png in Resources */,
				73F6C3BD14CD9E0D006F07B3 /* star.png in Resources */,
				73F6C3BE14CD9E0D006F07B3 /* trash.png in Resources */,
				73F6C3BF14CD9E0D006F07B3 /* trend.png in Resources */,
				73F6C3C014CD9E0D006F07B3 /* world.png in Resources */,
				7303DE5714CDB41E00F20C5F /* MemberPickerController.xib in Resources */,
			);
			runOnlyForDeploymentPostprocessing = 0;
		};
		7324640114BDE121000A44FE /* Resources */ = {
			isa = PBXResourcesBuildPhase;
			buildActionMask = 2147483647;
			files = (
				7324641014BDE121000A44FE /* InfoPlist.strings in Resources */,
			);
			runOnlyForDeploymentPostprocessing = 0;
		};
/* End PBXResourcesBuildPhase section */

/* Begin PBXShellScriptBuildPhase section */
		7324640214BDE121000A44FE /* ShellScript */ = {
			isa = PBXShellScriptBuildPhase;
			buildActionMask = 2147483647;
			files = (
			);
			inputPaths = (
			);
			outputPaths = (
			);
			runOnlyForDeploymentPostprocessing = 0;
			shellPath = /bin/sh;
			shellScript = "# Run the unit tests in this test bundle.\n\"${SYSTEM_DEVELOPER_DIR}/Tools/RunUnitTests\"\n";
		};
/* End PBXShellScriptBuildPhase section */

/* Begin PBXSourcesBuildPhase section */
		732463D414BDE121000A44FE /* Sources */ = {
			isa = PBXSourcesBuildPhase;
			buildActionMask = 2147483647;
			files = (
				732463E914BDE121000A44FE /* main.m in Sources */,
				732463ED14BDE121000A44FE /* AppDelegate.m in Sources */,
				732463F314BDE121000A44FE /* FirstViewController.m in Sources */,
				732463FA14BDE121000A44FE /* SecondViewController.m in Sources */,
				7324642C14BDE4AB000A44FE /* MyAnnotation.m in Sources */,
				739C743F14BE81AD003F9831 /* Player.m in Sources */,
				739C744214BE867C003F9831 /* DiaryViewController.m in Sources */,
				730A2C1314BEB26000B472B1 /* DiaryCell.m in Sources */,
				730A2C1914BEB92100B472B1 /* DiaryDetailsViewController.m in Sources */,
				73BF2A0414C158E900D5A151 /* MemberPickerViewController.m in Sources */,
				730BC2AA14C51CAD00FE257F /* AddDiaryViewController.m in Sources */,
				730BC2B014C5581D00FE257F /* StartTimePickerViewController.m in Sources */,
				73EA2F5914C6649700DE080A /* WorkNameTableViewController.m in Sources */,
				739110D314C8413400BC3595 /* CropsTableViewController.m in Sources */,
				7391111C14C86D5800BC3595 /* EditViewController.m in Sources */,
				73277DE114C92E9D00313FFB /* TakeHojoFromMap.m in Sources */,
				73086B7614C9D96A004E8224 /* WorkInfoViewController.m in Sources */,
				733EEB9714CC1B9A004C6B5F /* ICB_WeatherConditions.m in Sources */,
				733EEB9C14CC1C4F004C6B5F /* MyReverseGeocoder.m in Sources */,
				733EEBBA14CC1C86004C6B5F /* CXMLDocument_CreationExtensions.m in Sources */,
				733EEBBB14CC1C86004C6B5F /* CXMLNode_CreationExtensions.m in Sources */,
				733EEBBC14CC1C86004C6B5F /* CXHTMLDocument.m in Sources */,
				733EEBBD14CC1C86004C6B5F /* CXMLDocument_PrivateExtensions.m in Sources */,
				733EEBBE14CC1C86004C6B5F /* CXMLDocument.m in Sources */,
				733EEBBF14CC1C86004C6B5F /* CXMLElement_CreationExtensions.m in Sources */,
				733EEBC014CC1C86004C6B5F /* CXMLElement_ElementTreeExtensions.m in Sources */,
				733EEBC114CC1C86004C6B5F /* CXMLElement.m in Sources */,
				733EEBC214CC1C86004C6B5F /* CXMLNamespaceNode.m in Sources */,
				733EEBC314CC1C86004C6B5F /* CXMLNode_PrivateExtensions.m in Sources */,
				733EEBC414CC1C86004C6B5F /* CXMLNode_XPathExtensions.m in Sources */,
				733EEBC514CC1C86004C6B5F /* CXMLNode.m in Sources */,
				733EEBC614CC1C86004C6B5F /* CTidy.m in Sources */,
				7310F89A14CC5C2000DE76B5 /* MemoViewController.m in Sources */,
				739E380E14CD45DB006AA739 /* MapDetailsViewController.m in Sources */,
				7303DE5614CDB41E00F20C5F /* MemberPickerController.m in Sources */,
			);
			runOnlyForDeploymentPostprocessing = 0;
		};
		732463FF14BDE121000A44FE /* Sources */ = {
			isa = PBXSourcesBuildPhase;
			buildActionMask = 2147483647;
			files = (
				7324641314BDE121000A44FE /* hojo_Tests.m in Sources */,
			);
			runOnlyForDeploymentPostprocessing = 0;
		};
/* End PBXSourcesBuildPhase section */

/* Begin PBXTargetDependency section */
		7324640A14BDE121000A44FE /* PBXTargetDependency */ = {
			isa = PBXTargetDependency;
			target = 732463D714BDE121000A44FE /* hojo! */;
			targetProxy = 7324640914BDE121000A44FE /* PBXContainerItemProxy */;
		};
/* End PBXTargetDependency section */

/* Begin PBXVariantGroup section */
		732463E514BDE121000A44FE /* InfoPlist.strings */ = {
			isa = PBXVariantGroup;
			children = (
				732463E614BDE121000A44FE /* en */,
			);
			name = InfoPlist.strings;
			sourceTree = "<group>";
		};
		732463EE14BDE121000A44FE /* MainStoryboard.storyboard */ = {
			isa = PBXVariantGroup;
			children = (
				732463EF14BDE121000A44FE /* en */,
			);
			name = MainStoryboard.storyboard;
			sourceTree = "<group>";
		};
		7324640E14BDE121000A44FE /* InfoPlist.strings */ = {
			isa = PBXVariantGroup;
			children = (
				7324640F14BDE121000A44FE /* en */,
			);
			name = InfoPlist.strings;
			sourceTree = "<group>";
		};
/* End PBXVariantGroup section */

/* Begin XCBuildConfiguration section */
		7324641414BDE121000A44FE /* Debug */ = {
			isa = XCBuildConfiguration;
			buildSettings = {
				ALWAYS_SEARCH_USER_PATHS = NO;
				ARCHS = "$(ARCHS_STANDARD_32_BIT)";
				CLANG_ENABLE_OBJC_ARC = YES;
				"CODE_SIGN_IDENTITY[sdk=iphoneos*]" = "iPhone Developer";
				COPY_PHASE_STRIP = NO;
				GCC_C_LANGUAGE_STANDARD = gnu99;
				GCC_DYNAMIC_NO_PIC = NO;
				GCC_OPTIMIZATION_LEVEL = 0;
				GCC_PREPROCESSOR_DEFINITIONS = (
					"DEBUG=1",
					"$(inherited)",
				);
				GCC_SYMBOLS_PRIVATE_EXTERN = NO;
				GCC_VERSION = com.apple.compilers.llvm.clang.1_0;
				GCC_WARN_ABOUT_MISSING_PROTOTYPES = YES;
				GCC_WARN_ABOUT_RETURN_TYPE = YES;
				GCC_WARN_UNUSED_VARIABLE = YES;
				IPHONEOS_DEPLOYMENT_TARGET = 5.0;
				SDKROOT = iphoneos;
			};
			name = Debug;
		};
		7324641514BDE121000A44FE /* Release */ = {
			isa = XCBuildConfiguration;
			buildSettings = {
				ALWAYS_SEARCH_USER_PATHS = NO;
				ARCHS = "$(ARCHS_STANDARD_32_BIT)";
				CLANG_ENABLE_OBJC_ARC = YES;
				"CODE_SIGN_IDENTITY[sdk=iphoneos*]" = "iPhone Developer";
				COPY_PHASE_STRIP = YES;
				GCC_C_LANGUAGE_STANDARD = gnu99;
				GCC_VERSION = com.apple.compilers.llvm.clang.1_0;
				GCC_WARN_ABOUT_MISSING_PROTOTYPES = YES;
				GCC_WARN_ABOUT_RETURN_TYPE = YES;
				GCC_WARN_UNUSED_VARIABLE = YES;
				IPHONEOS_DEPLOYMENT_TARGET = 5.0;
				OTHER_CFLAGS = "-DNS_BLOCK_ASSERTIONS=1";
				SDKROOT = iphoneos;
				VALIDATE_PRODUCT = YES;
			};
			name = Release;
		};
		7324641714BDE121000A44FE /* Debug */ = {
			isa = XCBuildConfiguration;
			buildSettings = {
				ALWAYS_SEARCH_USER_PATHS = YES;
				GCC_PRECOMPILE_PREFIX_HEADER = YES;
				GCC_PREFIX_HEADER = "hojo!/hojo!-Prefix.pch";
				"HEADER_SEARCH_PATHS[arch=*]" = /usr/include/libxml2;
				INFOPLIST_FILE = "hojo!/hojo!-Info.plist";
				"OTHER_LDFLAGS[arch=*]" = "-lxml2";
				PRODUCT_NAME = "$(TARGET_NAME)";
				WRAPPER_EXTENSION = app;
			};
			name = Debug;
		};
		7324641814BDE121000A44FE /* Release */ = {
			isa = XCBuildConfiguration;
			buildSettings = {
				ALWAYS_SEARCH_USER_PATHS = YES;
				GCC_PRECOMPILE_PREFIX_HEADER = YES;
				GCC_PREFIX_HEADER = "hojo!/hojo!-Prefix.pch";
				"HEADER_SEARCH_PATHS[arch=*]" = /usr/include/libxml2;
				INFOPLIST_FILE = "hojo!/hojo!-Info.plist";
				"OTHER_LDFLAGS[arch=*]" = "-lxml2";
				PRODUCT_NAME = "$(TARGET_NAME)";
				WRAPPER_EXTENSION = app;
			};
			name = Release;
		};
		7324641A14BDE121000A44FE /* Debug */ = {
			isa = XCBuildConfiguration;
			buildSettings = {
				BUNDLE_LOADER = "$(BUILT_PRODUCTS_DIR)/hojo!.app/hojo!";
				FRAMEWORK_SEARCH_PATHS = (
					"$(SDKROOT)/Developer/Library/Frameworks",
					"$(DEVELOPER_LIBRARY_DIR)/Frameworks",
				);
				GCC_PRECOMPILE_PREFIX_HEADER = YES;
				GCC_PREFIX_HEADER = "hojo!/hojo!-Prefix.pch";
				INFOPLIST_FILE = "hojo!Tests/hojo!Tests-Info.plist";
				PRODUCT_NAME = "$(TARGET_NAME)";
				TEST_HOST = "$(BUNDLE_LOADER)";
				WRAPPER_EXTENSION = octest;
			};
			name = Debug;
		};
		7324641B14BDE121000A44FE /* Release */ = {
			isa = XCBuildConfiguration;
			buildSettings = {
				BUNDLE_LOADER = "$(BUILT_PRODUCTS_DIR)/hojo!.app/hojo!";
				FRAMEWORK_SEARCH_PATHS = (
					"$(SDKROOT)/Developer/Library/Frameworks",
					"$(DEVELOPER_LIBRARY_DIR)/Frameworks",
				);
				GCC_PRECOMPILE_PREFIX_HEADER = YES;
				GCC_PREFIX_HEADER = "hojo!/hojo!-Prefix.pch";
				INFOPLIST_FILE = "hojo!Tests/hojo!Tests-Info.plist";
				PRODUCT_NAME = "$(TARGET_NAME)";
				TEST_HOST = "$(BUNDLE_LOADER)";
				WRAPPER_EXTENSION = octest;
			};
			name = Release;
		};
/* End XCBuildConfiguration section */

/* Begin XCConfigurationList section */
		732463D214BDE121000A44FE /* Build configuration list for PBXProject "hojo!" */ = {
			isa = XCConfigurationList;
			buildConfigurations = (
				7324641414BDE121000A44FE /* Debug */,
				7324641514BDE121000A44FE /* Release */,
			);
			defaultConfigurationIsVisible = 0;
			defaultConfigurationName = Release;
		};
		7324641614BDE121000A44FE /* Build configuration list for PBXNativeTarget "hojo!" */ = {
			isa = XCConfigurationList;
			buildConfigurations = (
				7324641714BDE121000A44FE /* Debug */,
				7324641814BDE121000A44FE /* Release */,
			);
			defaultConfigurationIsVisible = 0;
			defaultConfigurationName = Release;
		};
		7324641914BDE121000A44FE /* Build configuration list for PBXNativeTarget "hojo!Tests" */ = {
			isa = XCConfigurationList;
			buildConfigurations = (
				7324641A14BDE121000A44FE /* Debug */,
				7324641B14BDE121000A44FE /* Release */,
			);
			defaultConfigurationIsVisible = 0;
			defaultConfigurationName = Release;
		};
/* End XCConfigurationList section */
	};
	rootObject = 732463CF14BDE121000A44FE /* Project object */;
}
